// !$*UTF8*$!
{
	archiveVersion = 1;
	classes = {
	};
	objectVersion = 46;
	objects = {

/* Begin PBXBuildFile section */
		85491A011EF361F40057C4AE /* emojiDataArr.plist in Resources */ = {isa = PBXBuildFile; fileRef = 8549199B1EF361F40057C4AE /* emojiDataArr.plist */; };
		85491A031EF361F40057C4AE /* emojiNameArr.plist in Resources */ = {isa = PBXBuildFile; fileRef = 8549199E1EF361F40057C4AE /* emojiNameArr.plist */; };
		85491A041EF361F40057C4AE /* im_ee_10@2x.png in Resources */ = {isa = PBXBuildFile; fileRef = 8549199F1EF361F40057C4AE /* im_ee_10@2x.png */; };
		85491A051EF361F40057C4AE /* im_ee_11@2x.png in Resources */ = {isa = PBXBuildFile; fileRef = 854919A01EF361F40057C4AE /* im_ee_11@2x.png */; };
		85491A061EF361F40057C4AE /* im_ee_12@2x.png in Resources */ = {isa = PBXBuildFile; fileRef = 854919A11EF361F40057C4AE /* im_ee_12@2x.png */; };
		85491A071EF361F40057C4AE /* im_ee_13@2x.png in Resources */ = {isa = PBXBuildFile; fileRef = 854919A21EF361F40057C4AE /* im_ee_13@2x.png */; };
		85491A081EF361F40057C4AE /* im_ee_14@2x.png in Resources */ = {isa = PBXBuildFile; fileRef = 854919A31EF361F40057C4AE /* im_ee_14@2x.png */; };
		85491A091EF361F40057C4AE /* im_ee_15@2x.png in Resources */ = {isa = PBXBuildFile; fileRef = 854919A41EF361F40057C4AE /* im_ee_15@2x.png */; };
		85491A0A1EF361F40057C4AE /* im_ee_16@2x.png in Resources */ = {isa = PBXBuildFile; fileRef = 854919A51EF361F40057C4AE /* im_ee_16@2x.png */; };
		85491A0B1EF361F40057C4AE /* im_ee_17@2x.png in Resources */ = {isa = PBXBuildFile; fileRef = 854919A61EF361F40057C4AE /* im_ee_17@2x.png */; };
		85491A0C1EF361F40057C4AE /* im_ee_18@2x.png in Resources */ = {isa = PBXBuildFile; fileRef = 854919A71EF361F40057C4AE /* im_ee_18@2x.png */; };
		85491A0D1EF361F40057C4AE /* im_ee_19@2x.png in Resources */ = {isa = PBXBuildFile; fileRef = 854919A81EF361F40057C4AE /* im_ee_19@2x.png */; };
		85491A0E1EF361F40057C4AE /* im_ee_1@2x.png in Resources */ = {isa = PBXBuildFile; fileRef = 854919A91EF361F40057C4AE /* im_ee_1@2x.png */; };
		85491A0F1EF361F40057C4AE /* im_ee_20@2x.png in Resources */ = {isa = PBXBuildFile; fileRef = 854919AA1EF361F40057C4AE /* im_ee_20@2x.png */; };
		85491A101EF361F40057C4AE /* im_ee_21@2x.png in Resources */ = {isa = PBXBuildFile; fileRef = 854919AB1EF361F40057C4AE /* im_ee_21@2x.png */; };
		85491A111EF361F40057C4AE /* im_ee_22@2x.png in Resources */ = {isa = PBXBuildFile; fileRef = 854919AC1EF361F40057C4AE /* im_ee_22@2x.png */; };
		85491A121EF361F40057C4AE /* im_ee_23@2x.png in Resources */ = {isa = PBXBuildFile; fileRef = 854919AD1EF361F40057C4AE /* im_ee_23@2x.png */; };
		85491A131EF361F40057C4AE /* im_ee_24@2x.png in Resources */ = {isa = PBXBuildFile; fileRef = 854919AE1EF361F40057C4AE /* im_ee_24@2x.png */; };
		85491A141EF361F40057C4AE /* im_ee_25@2x.png in Resources */ = {isa = PBXBuildFile; fileRef = 854919AF1EF361F40057C4AE /* im_ee_25@2x.png */; };
		85491A151EF361F40057C4AE /* im_ee_26@2x.png in Resources */ = {isa = PBXBuildFile; fileRef = 854919B01EF361F40057C4AE /* im_ee_26@2x.png */; };
		85491A161EF361F40057C4AE /* im_ee_27@2x.png in Resources */ = {isa = PBXBuildFile; fileRef = 854919B11EF361F40057C4AE /* im_ee_27@2x.png */; };
		85491A171EF361F40057C4AE /* im_ee_28@2x.png in Resources */ = {isa = PBXBuildFile; fileRef = 854919B21EF361F40057C4AE /* im_ee_28@2x.png */; };
		85491A181EF361F40057C4AE /* im_ee_29@2x.png in Resources */ = {isa = PBXBuildFile; fileRef = 854919B31EF361F40057C4AE /* im_ee_29@2x.png */; };
		85491A191EF361F40057C4AE /* im_ee_2@2x.png in Resources */ = {isa = PBXBuildFile; fileRef = 854919B41EF361F40057C4AE /* im_ee_2@2x.png */; };
		85491A1A1EF361F40057C4AE /* im_ee_30@2x.png in Resources */ = {isa = PBXBuildFile; fileRef = 854919B51EF361F40057C4AE /* im_ee_30@2x.png */; };
		85491A1B1EF361F40057C4AE /* im_ee_31@2x.png in Resources */ = {isa = PBXBuildFile; fileRef = 854919B61EF361F40057C4AE /* im_ee_31@2x.png */; };
		85491A1C1EF361F40057C4AE /* im_ee_32@2x.png in Resources */ = {isa = PBXBuildFile; fileRef = 854919B71EF361F40057C4AE /* im_ee_32@2x.png */; };
		85491A1D1EF361F40057C4AE /* im_ee_33@2x.png in Resources */ = {isa = PBXBuildFile; fileRef = 854919B81EF361F40057C4AE /* im_ee_33@2x.png */; };
		85491A1E1EF361F40057C4AE /* im_ee_34@2x.png in Resources */ = {isa = PBXBuildFile; fileRef = 854919B91EF361F40057C4AE /* im_ee_34@2x.png */; };
		85491A1F1EF361F40057C4AE /* im_ee_35@2x.png in Resources */ = {isa = PBXBuildFile; fileRef = 854919BA1EF361F40057C4AE /* im_ee_35@2x.png */; };
		85491A201EF361F40057C4AE /* im_ee_36@2x.png in Resources */ = {isa = PBXBuildFile; fileRef = 854919BB1EF361F40057C4AE /* im_ee_36@2x.png */; };
		85491A211EF361F40057C4AE /* im_ee_37@2x.png in Resources */ = {isa = PBXBuildFile; fileRef = 854919BC1EF361F40057C4AE /* im_ee_37@2x.png */; };
		85491A221EF361F40057C4AE /* im_ee_38@2x.png in Resources */ = {isa = PBXBuildFile; fileRef = 854919BD1EF361F40057C4AE /* im_ee_38@2x.png */; };
		85491A231EF361F40057C4AE /* im_ee_39@2x.png in Resources */ = {isa = PBXBuildFile; fileRef = 854919BE1EF361F40057C4AE /* im_ee_39@2x.png */; };
		85491A241EF361F40057C4AE /* im_ee_3@2x.png in Resources */ = {isa = PBXBuildFile; fileRef = 854919BF1EF361F40057C4AE /* im_ee_3@2x.png */; };
		85491A251EF361F40057C4AE /* im_ee_40@2x.png in Resources */ = {isa = PBXBuildFile; fileRef = 854919C01EF361F40057C4AE /* im_ee_40@2x.png */; };
		85491A261EF361F40057C4AE /* im_ee_41@2x.png in Resources */ = {isa = PBXBuildFile; fileRef = 854919C11EF361F40057C4AE /* im_ee_41@2x.png */; };
		85491A271EF361F40057C4AE /* im_ee_42@2x.png in Resources */ = {isa = PBXBuildFile; fileRef = 854919C21EF361F40057C4AE /* im_ee_42@2x.png */; };
		85491A281EF361F40057C4AE /* im_ee_43@2x.png in Resources */ = {isa = PBXBuildFile; fileRef = 854919C31EF361F40057C4AE /* im_ee_43@2x.png */; };
		85491A291EF361F40057C4AE /* im_ee_44@2x.png in Resources */ = {isa = PBXBuildFile; fileRef = 854919C41EF361F40057C4AE /* im_ee_44@2x.png */; };
		85491A2A1EF361F40057C4AE /* im_ee_45@2x.png in Resources */ = {isa = PBXBuildFile; fileRef = 854919C51EF361F40057C4AE /* im_ee_45@2x.png */; };
		85491A2B1EF361F40057C4AE /* im_ee_46@2x.png in Resources */ = {isa = PBXBuildFile; fileRef = 854919C61EF361F40057C4AE /* im_ee_46@2x.png */; };
		85491A2C1EF361F40057C4AE /* im_ee_47@2x.png in Resources */ = {isa = PBXBuildFile; fileRef = 854919C71EF361F40057C4AE /* im_ee_47@2x.png */; };
		85491A2D1EF361F40057C4AE /* im_ee_48@2x.png in Resources */ = {isa = PBXBuildFile; fileRef = 854919C81EF361F40057C4AE /* im_ee_48@2x.png */; };
		85491A2E1EF361F40057C4AE /* im_ee_49@2x.png in Resources */ = {isa = PBXBuildFile; fileRef = 854919C91EF361F40057C4AE /* im_ee_49@2x.png */; };
		85491A2F1EF361F40057C4AE /* im_ee_4@2x.png in Resources */ = {isa = PBXBuildFile; fileRef = 854919CA1EF361F40057C4AE /* im_ee_4@2x.png */; };
		85491A301EF361F40057C4AE /* im_ee_50@2x.png in Resources */ = {isa = PBXBuildFile; fileRef = 854919CB1EF361F40057C4AE /* im_ee_50@2x.png */; };
		85491A311EF361F40057C4AE /* im_ee_51@2x.png in Resources */ = {isa = PBXBuildFile; fileRef = 854919CC1EF361F40057C4AE /* im_ee_51@2x.png */; };
		85491A321EF361F40057C4AE /* im_ee_52@2x.png in Resources */ = {isa = PBXBuildFile; fileRef = 854919CD1EF361F40057C4AE /* im_ee_52@2x.png */; };
		85491A331EF361F40057C4AE /* im_ee_53@2x.png in Resources */ = {isa = PBXBuildFile; fileRef = 854919CE1EF361F40057C4AE /* im_ee_53@2x.png */; };
		85491A341EF361F40057C4AE /* im_ee_54@2x.png in Resources */ = {isa = PBXBuildFile; fileRef = 854919CF1EF361F40057C4AE /* im_ee_54@2x.png */; };
		85491A351EF361F40057C4AE /* im_ee_55@2x.png in Resources */ = {isa = PBXBuildFile; fileRef = 854919D01EF361F40057C4AE /* im_ee_55@2x.png */; };
		85491A361EF361F40057C4AE /* im_ee_56@2x.png in Resources */ = {isa = PBXBuildFile; fileRef = 854919D11EF361F40057C4AE /* im_ee_56@2x.png */; };
		85491A371EF361F40057C4AE /* im_ee_57@2x.png in Resources */ = {isa = PBXBuildFile; fileRef = 854919D21EF361F40057C4AE /* im_ee_57@2x.png */; };
		85491A381EF361F40057C4AE /* im_ee_58@2x.png in Resources */ = {isa = PBXBuildFile; fileRef = 854919D31EF361F40057C4AE /* im_ee_58@2x.png */; };
		85491A391EF361F40057C4AE /* im_ee_59@2x.png in Resources */ = {isa = PBXBuildFile; fileRef = 854919D41EF361F40057C4AE /* im_ee_59@2x.png */; };
		85491A3A1EF361F40057C4AE /* im_ee_5@2x.png in Resources */ = {isa = PBXBuildFile; fileRef = 854919D51EF361F40057C4AE /* im_ee_5@2x.png */; };
		85491A3B1EF361F40057C4AE /* im_ee_60@2x.png in Resources */ = {isa = PBXBuildFile; fileRef = 854919D61EF361F40057C4AE /* im_ee_60@2x.png */; };
		85491A3C1EF361F40057C4AE /* im_ee_61@2x.png in Resources */ = {isa = PBXBuildFile; fileRef = 854919D71EF361F40057C4AE /* im_ee_61@2x.png */; };
		85491A3D1EF361F40057C4AE /* im_ee_62@2x.png in Resources */ = {isa = PBXBuildFile; fileRef = 854919D81EF361F40057C4AE /* im_ee_62@2x.png */; };
		85491A3E1EF361F40057C4AE /* im_ee_63@2x.png in Resources */ = {isa = PBXBuildFile; fileRef = 854919D91EF361F40057C4AE /* im_ee_63@2x.png */; };
		85491A3F1EF361F40057C4AE /* im_ee_64@2x.png in Resources */ = {isa = PBXBuildFile; fileRef = 854919DA1EF361F40057C4AE /* im_ee_64@2x.png */; };
		85491A401EF361F40057C4AE /* im_ee_65@2x.png in Resources */ = {isa = PBXBuildFile; fileRef = 854919DB1EF361F40057C4AE /* im_ee_65@2x.png */; };
		85491A411EF361F40057C4AE /* im_ee_66@2x.png in Resources */ = {isa = PBXBuildFile; fileRef = 854919DC1EF361F40057C4AE /* im_ee_66@2x.png */; };
		85491A421EF361F40057C4AE /* im_ee_67@2x.png in Resources */ = {isa = PBXBuildFile; fileRef = 854919DD1EF361F40057C4AE /* im_ee_67@2x.png */; };
		85491A431EF361F40057C4AE /* im_ee_68@2x.png in Resources */ = {isa = PBXBuildFile; fileRef = 854919DE1EF361F40057C4AE /* im_ee_68@2x.png */; };
		85491A441EF361F40057C4AE /* im_ee_69@2x.png in Resources */ = {isa = PBXBuildFile; fileRef = 854919DF1EF361F40057C4AE /* im_ee_69@2x.png */; };
		85491A451EF361F40057C4AE /* im_ee_6@2x.png in Resources */ = {isa = PBXBuildFile; fileRef = 854919E01EF361F40057C4AE /* im_ee_6@2x.png */; };
		85491A461EF361F40057C4AE /* im_ee_70@2x.png in Resources */ = {isa = PBXBuildFile; fileRef = 854919E11EF361F40057C4AE /* im_ee_70@2x.png */; };
		85491A471EF361F40057C4AE /* im_ee_71@2x.png in Resources */ = {isa = PBXBuildFile; fileRef = 854919E21EF361F40057C4AE /* im_ee_71@2x.png */; };
		85491A481EF361F40057C4AE /* im_ee_72@2x.png in Resources */ = {isa = PBXBuildFile; fileRef = 854919E31EF361F40057C4AE /* im_ee_72@2x.png */; };
		85491A491EF361F40057C4AE /* im_ee_73@2x.png in Resources */ = {isa = PBXBuildFile; fileRef = 854919E41EF361F40057C4AE /* im_ee_73@2x.png */; };
		85491A4A1EF361F40057C4AE /* im_ee_74@2x.png in Resources */ = {isa = PBXBuildFile; fileRef = 854919E51EF361F40057C4AE /* im_ee_74@2x.png */; };
		85491A4B1EF361F40057C4AE /* im_ee_75@2x.png in Resources */ = {isa = PBXBuildFile; fileRef = 854919E61EF361F40057C4AE /* im_ee_75@2x.png */; };
		85491A4C1EF361F40057C4AE /* im_ee_76@2x.png in Resources */ = {isa = PBXBuildFile; fileRef = 854919E71EF361F40057C4AE /* im_ee_76@2x.png */; };
		85491A4D1EF361F40057C4AE /* im_ee_77@2x.png in Resources */ = {isa = PBXBuildFile; fileRef = 854919E81EF361F40057C4AE /* im_ee_77@2x.png */; };
		85491A4E1EF361F40057C4AE /* im_ee_78@2x.png in Resources */ = {isa = PBXBuildFile; fileRef = 854919E91EF361F40057C4AE /* im_ee_78@2x.png */; };
		85491A4F1EF361F40057C4AE /* im_ee_79@2x.png in Resources */ = {isa = PBXBuildFile; fileRef = 854919EA1EF361F40057C4AE /* im_ee_79@2x.png */; };
		85491A501EF361F40057C4AE /* im_ee_7@2x.png in Resources */ = {isa = PBXBuildFile; fileRef = 854919EB1EF361F40057C4AE /* im_ee_7@2x.png */; };
		85491A511EF361F40057C4AE /* im_ee_80@2x.png in Resources */ = {isa = PBXBuildFile; fileRef = 854919EC1EF361F40057C4AE /* im_ee_80@2x.png */; };
		85491A521EF361F40057C4AE /* im_ee_81@2x.png in Resources */ = {isa = PBXBuildFile; fileRef = 854919ED1EF361F40057C4AE /* im_ee_81@2x.png */; };
		85491A531EF361F40057C4AE /* im_ee_82@2x.png in Resources */ = {isa = PBXBuildFile; fileRef = 854919EE1EF361F40057C4AE /* im_ee_82@2x.png */; };
		85491A541EF361F40057C4AE /* im_ee_83@2x.png in Resources */ = {isa = PBXBuildFile; fileRef = 854919EF1EF361F40057C4AE /* im_ee_83@2x.png */; };
		85491A551EF361F40057C4AE /* im_ee_84@2x.png in Resources */ = {isa = PBXBuildFile; fileRef = 854919F01EF361F40057C4AE /* im_ee_84@2x.png */; };
		85491A561EF361F40057C4AE /* im_ee_85@2x.png in Resources */ = {isa = PBXBuildFile; fileRef = 854919F11EF361F40057C4AE /* im_ee_85@2x.png */; };
		85491A571EF361F40057C4AE /* im_ee_86@2x.png in Resources */ = {isa = PBXBuildFile; fileRef = 854919F21EF361F40057C4AE /* im_ee_86@2x.png */; };
		85491A581EF361F40057C4AE /* im_ee_87@2x.png in Resources */ = {isa = PBXBuildFile; fileRef = 854919F31EF361F40057C4AE /* im_ee_87@2x.png */; };
		85491A591EF361F40057C4AE /* im_ee_88@2x.png in Resources */ = {isa = PBXBuildFile; fileRef = 854919F41EF361F40057C4AE /* im_ee_88@2x.png */; };
		85491A5A1EF361F40057C4AE /* im_ee_89@2x.png in Resources */ = {isa = PBXBuildFile; fileRef = 854919F51EF361F40057C4AE /* im_ee_89@2x.png */; };
		85491A5B1EF361F40057C4AE /* im_ee_8@2x.png in Resources */ = {isa = PBXBuildFile; fileRef = 854919F61EF361F40057C4AE /* im_ee_8@2x.png */; };
		85491A5C1EF361F40057C4AE /* im_ee_90@2x.png in Resources */ = {isa = PBXBuildFile; fileRef = 854919F71EF361F40057C4AE /* im_ee_90@2x.png */; };
		85491A5D1EF361F40057C4AE /* im_ee_9@2x.png in Resources */ = {isa = PBXBuildFile; fileRef = 854919F81EF361F40057C4AE /* im_ee_9@2x.png */; };
		85491A611EF361F40057C4AE /* 大哭@2x.png in Resources */ = {isa = PBXBuildFile; fileRef = 854919FF1EF361F40057C4AE /* 大哭@2x.png */; };
		85491A621EF361F40057C4AE /* 流泪@2x.png in Resources */ = {isa = PBXBuildFile; fileRef = 85491A001EF361F40057C4AE /* 流泪@2x.png */; };
		85573B671EF2645700FF0131 /* YYTextContainerView.m in Sources */ = {isa = PBXBuildFile; fileRef = 85573B561EF2645700FF0131 /* YYTextContainerView.m */; };
		85573B681EF2645700FF0131 /* YYTextDebugOption.m in Sources */ = {isa = PBXBuildFile; fileRef = 85573B581EF2645700FF0131 /* YYTextDebugOption.m */; };
		85573B691EF2645700FF0131 /* YYTextEffectWindow.m in Sources */ = {isa = PBXBuildFile; fileRef = 85573B5A1EF2645700FF0131 /* YYTextEffectWindow.m */; };
		85573B6A1EF2645700FF0131 /* YYTextInput.m in Sources */ = {isa = PBXBuildFile; fileRef = 85573B5C1EF2645700FF0131 /* YYTextInput.m */; };
		85573B6B1EF2645700FF0131 /* YYTextKeyboardManager.m in Sources */ = {isa = PBXBuildFile; fileRef = 85573B5E1EF2645700FF0131 /* YYTextKeyboardManager.m */; };
		85573B6C1EF2645700FF0131 /* YYTextLayout.m in Sources */ = {isa = PBXBuildFile; fileRef = 85573B601EF2645700FF0131 /* YYTextLayout.m */; };
		85573B6D1EF2645700FF0131 /* YYTextLine.m in Sources */ = {isa = PBXBuildFile; fileRef = 85573B621EF2645700FF0131 /* YYTextLine.m */; };
		85573B6E1EF2645700FF0131 /* YYTextMagnifier.m in Sources */ = {isa = PBXBuildFile; fileRef = 85573B641EF2645700FF0131 /* YYTextMagnifier.m */; };
		85573B6F1EF2645700FF0131 /* YYTextSelectionView.m in Sources */ = {isa = PBXBuildFile; fileRef = 85573B661EF2645700FF0131 /* YYTextSelectionView.m */; };
		85573B911EF2647000FF0131 /* YYTextArchiver.m in Sources */ = {isa = PBXBuildFile; fileRef = 85573B721EF2647000FF0131 /* YYTextArchiver.m */; };
		85573B921EF2647000FF0131 /* YYTextAttribute.m in Sources */ = {isa = PBXBuildFile; fileRef = 85573B741EF2647000FF0131 /* YYTextAttribute.m */; };
		85573B931EF2647000FF0131 /* YYTextParser.m in Sources */ = {isa = PBXBuildFile; fileRef = 85573B761EF2647000FF0131 /* YYTextParser.m */; };
		85573B941EF2647000FF0131 /* YYTextRubyAnnotation.m in Sources */ = {isa = PBXBuildFile; fileRef = 85573B781EF2647000FF0131 /* YYTextRubyAnnotation.m */; };
		85573B951EF2647000FF0131 /* YYTextRunDelegate.m in Sources */ = {isa = PBXBuildFile; fileRef = 85573B7A1EF2647000FF0131 /* YYTextRunDelegate.m */; };
		85573B961EF2647000FF0131 /* NSAttributedString+YYText.m in Sources */ = {isa = PBXBuildFile; fileRef = 85573B7D1EF2647000FF0131 /* NSAttributedString+YYText.m */; };
		85573B971EF2647000FF0131 /* NSParagraphStyle+YYText.m in Sources */ = {isa = PBXBuildFile; fileRef = 85573B7F1EF2647000FF0131 /* NSParagraphStyle+YYText.m */; };
		85573B981EF2647000FF0131 /* UIPasteboard+YYText.m in Sources */ = {isa = PBXBuildFile; fileRef = 85573B811EF2647000FF0131 /* UIPasteboard+YYText.m */; };
		85573B991EF2647000FF0131 /* UIView+YYText.m in Sources */ = {isa = PBXBuildFile; fileRef = 85573B831EF2647000FF0131 /* UIView+YYText.m */; };
		85573B9A1EF2647000FF0131 /* YYTextAsyncLayer.m in Sources */ = {isa = PBXBuildFile; fileRef = 85573B851EF2647000FF0131 /* YYTextAsyncLayer.m */; };
		85573B9B1EF2647000FF0131 /* YYTextTransaction.m in Sources */ = {isa = PBXBuildFile; fileRef = 85573B871EF2647000FF0131 /* YYTextTransaction.m */; };
		85573B9C1EF2647000FF0131 /* YYTextUtilities.m in Sources */ = {isa = PBXBuildFile; fileRef = 85573B891EF2647000FF0131 /* YYTextUtilities.m */; };
		85573B9D1EF2647000FF0131 /* YYTextWeakProxy.m in Sources */ = {isa = PBXBuildFile; fileRef = 85573B8B1EF2647000FF0131 /* YYTextWeakProxy.m */; };
		85573B9E1EF2647000FF0131 /* YYLabel.m in Sources */ = {isa = PBXBuildFile; fileRef = 85573B8D1EF2647000FF0131 /* YYLabel.m */; };
		85573B9F1EF2647000FF0131 /* YYTextView.m in Sources */ = {isa = PBXBuildFile; fileRef = 85573B901EF2647000FF0131 /* YYTextView.m */; };
		85573BA21EF2664000FF0131 /* NSString+SimpleModifier.m in Sources */ = {isa = PBXBuildFile; fileRef = 85573BA11EF2664000FF0131 /* NSString+SimpleModifier.m */; };
		85573BA41EF27C4500FF0131 /* 1.png in Resources */ = {isa = PBXBuildFile; fileRef = 85573BA31EF27C4500FF0131 /* 1.png */; };
		856069111EE53FE6007BD3A2 /* main.m in Sources */ = {isa = PBXBuildFile; fileRef = 856069101EE53FE6007BD3A2 /* main.m */; };
		856069141EE53FE6007BD3A2 /* AppDelegate.m in Sources */ = {isa = PBXBuildFile; fileRef = 856069131EE53FE6007BD3A2 /* AppDelegate.m */; };
		856069171EE53FE6007BD3A2 /* ViewController.m in Sources */ = {isa = PBXBuildFile; fileRef = 856069161EE53FE6007BD3A2 /* ViewController.m */; };
		8560691A1EE53FE6007BD3A2 /* Main.storyboard in Resources */ = {isa = PBXBuildFile; fileRef = 856069181EE53FE6007BD3A2 /* Main.storyboard */; };
		8560691C1EE53FE6007BD3A2 /* Assets.xcassets in Resources */ = {isa = PBXBuildFile; fileRef = 8560691B1EE53FE6007BD3A2 /* Assets.xcassets */; };
		8560691F1EE53FE6007BD3A2 /* LaunchScreen.storyboard in Resources */ = {isa = PBXBuildFile; fileRef = 8560691D1EE53FE6007BD3A2 /* LaunchScreen.storyboard */; };
		8560692A1EE53FE6007BD3A2 /* CBEmojiKeyboardTests.m in Sources */ = {isa = PBXBuildFile; fileRef = 856069291EE53FE6007BD3A2 /* CBEmojiKeyboardTests.m */; };
		856069351EE53FE6007BD3A2 /* CBEmojiKeyboardUITests.m in Sources */ = {isa = PBXBuildFile; fileRef = 856069341EE53FE6007BD3A2 /* CBEmojiKeyboardUITests.m */; };
		856069FD1EE5409E007BD3A2 /* EmojiKeyboarView.m in Sources */ = {isa = PBXBuildFile; fileRef = 856069FC1EE5409E007BD3A2 /* EmojiKeyboarView.m */; };
		85606A001EE540DB007BD3A2 /* UIView+CBExtension.m in Sources */ = {isa = PBXBuildFile; fileRef = 856069FF1EE540DB007BD3A2 /* UIView+CBExtension.m */; };
		85606AC41EE639C8007BD3A2 /* NSString+DeleteEmojiStr.m in Sources */ = {isa = PBXBuildFile; fileRef = 85606AC31EE639C8007BD3A2 /* NSString+DeleteEmojiStr.m */; };
/* End PBXBuildFile section */

/* Begin PBXContainerItemProxy section */
		856069261EE53FE6007BD3A2 /* PBXContainerItemProxy */ = {
			isa = PBXContainerItemProxy;
			containerPortal = 856069041EE53FE6007BD3A2 /* Project object */;
			proxyType = 1;
			remoteGlobalIDString = 8560690B1EE53FE6007BD3A2;
			remoteInfo = CBEmojiKeyboard;
		};
		856069311EE53FE6007BD3A2 /* PBXContainerItemProxy */ = {
			isa = PBXContainerItemProxy;
			containerPortal = 856069041EE53FE6007BD3A2 /* Project object */;
			proxyType = 1;
			remoteGlobalIDString = 8560690B1EE53FE6007BD3A2;
			remoteInfo = CBEmojiKeyboard;
		};
/* End PBXContainerItemProxy section */

/* Begin PBXFileReference section */
		8549199B1EF361F40057C4AE /* emojiDataArr.plist */ = {isa = PBXFileReference; fileEncoding = 4; lastKnownFileType = text.plist.xml; path = emojiDataArr.plist; sourceTree = "<group>"; };
		8549199E1EF361F40057C4AE /* emojiNameArr.plist */ = {isa = PBXFileReference; fileEncoding = 4; lastKnownFileType = text.plist.xml; path = emojiNameArr.plist; sourceTree = "<group>"; };
		8549199F1EF361F40057C4AE /* im_ee_10@2x.png */ = {isa = PBXFileReference; lastKnownFileType = image.png; path = "im_ee_10@2x.png"; sourceTree = "<group>"; };
		854919A01EF361F40057C4AE /* im_ee_11@2x.png */ = {isa = PBXFileReference; lastKnownFileType = image.png; path = "im_ee_11@2x.png"; sourceTree = "<group>"; };
		854919A11EF361F40057C4AE /* im_ee_12@2x.png */ = {isa = PBXFileReference; lastKnownFileType = image.png; path = "im_ee_12@2x.png"; sourceTree = "<group>"; };
		854919A21EF361F40057C4AE /* im_ee_13@2x.png */ = {isa = PBXFileReference; lastKnownFileType = image.png; path = "im_ee_13@2x.png"; sourceTree = "<group>"; };
		854919A31EF361F40057C4AE /* im_ee_14@2x.png */ = {isa = PBXFileReference; lastKnownFileType = image.png; path = "im_ee_14@2x.png"; sourceTree = "<group>"; };
		854919A41EF361F40057C4AE /* im_ee_15@2x.png */ = {isa = PBXFileReference; lastKnownFileType = image.png; path = "im_ee_15@2x.png"; sourceTree = "<group>"; };
		854919A51EF361F40057C4AE /* im_ee_16@2x.png */ = {isa = PBXFileReference; lastKnownFileType = image.png; path = "im_ee_16@2x.png"; sourceTree = "<group>"; };
		854919A61EF361F40057C4AE /* im_ee_17@2x.png */ = {isa = PBXFileReference; lastKnownFileType = image.png; path = "im_ee_17@2x.png"; sourceTree = "<group>"; };
		854919A71EF361F40057C4AE /* im_ee_18@2x.png */ = {isa = PBXFileReference; lastKnownFileType = image.png; path = "im_ee_18@2x.png"; sourceTree = "<group>"; };
		854919A81EF361F40057C4AE /* im_ee_19@2x.png */ = {isa = PBXFileReference; lastKnownFileType = image.png; path = "im_ee_19@2x.png"; sourceTree = "<group>"; };
		854919A91EF361F40057C4AE /* im_ee_1@2x.png */ = {isa = PBXFileReference; lastKnownFileType = image.png; path = "im_ee_1@2x.png"; sourceTree = "<group>"; };
		854919AA1EF361F40057C4AE /* im_ee_20@2x.png */ = {isa = PBXFileReference; lastKnownFileType = image.png; path = "im_ee_20@2x.png"; sourceTree = "<group>"; };
		854919AB1EF361F40057C4AE /* im_ee_21@2x.png */ = {isa = PBXFileReference; lastKnownFileType = image.png; path = "im_ee_21@2x.png"; sourceTree = "<group>"; };
		854919AC1EF361F40057C4AE /* im_ee_22@2x.png */ = {isa = PBXFileReference; lastKnownFileType = image.png; path = "im_ee_22@2x.png"; sourceTree = "<group>"; };
		854919AD1EF361F40057C4AE /* im_ee_23@2x.png */ = {isa = PBXFileReference; lastKnownFileType = image.png; path = "im_ee_23@2x.png"; sourceTree = "<group>"; };
		854919AE1EF361F40057C4AE /* im_ee_24@2x.png */ = {isa = PBXFileReference; lastKnownFileType = image.png; path = "im_ee_24@2x.png"; sourceTree = "<group>"; };
		854919AF1EF361F40057C4AE /* im_ee_25@2x.png */ = {isa = PBXFileReference; lastKnownFileType = image.png; path = "im_ee_25@2x.png"; sourceTree = "<group>"; };
		854919B01EF361F40057C4AE /* im_ee_26@2x.png */ = {isa = PBXFileReference; lastKnownFileType = image.png; path = "im_ee_26@2x.png"; sourceTree = "<group>"; };
		854919B11EF361F40057C4AE /* im_ee_27@2x.png */ = {isa = PBXFileReference; lastKnownFileType = image.png; path = "im_ee_27@2x.png"; sourceTree = "<group>"; };
		854919B21EF361F40057C4AE /* im_ee_28@2x.png */ = {isa = PBXFileReference; lastKnownFileType = image.png; path = "im_ee_28@2x.png"; sourceTree = "<group>"; };
		854919B31EF361F40057C4AE /* im_ee_29@2x.png */ = {isa = PBXFileReference; lastKnownFileType = image.png; path = "im_ee_29@2x.png"; sourceTree = "<group>"; };
		854919B41EF361F40057C4AE /* im_ee_2@2x.png */ = {isa = PBXFileReference; lastKnownFileType = image.png; path = "im_ee_2@2x.png"; sourceTree = "<group>"; };
		854919B51EF361F40057C4AE /* im_ee_30@2x.png */ = {isa = PBXFileReference; lastKnownFileType = image.png; path = "im_ee_30@2x.png"; sourceTree = "<group>"; };
		854919B61EF361F40057C4AE /* im_ee_31@2x.png */ = {isa = PBXFileReference; lastKnownFileType = image.png; path = "im_ee_31@2x.png"; sourceTree = "<group>"; };
		854919B71EF361F40057C4AE /* im_ee_32@2x.png */ = {isa = PBXFileReference; lastKnownFileType = image.png; path = "im_ee_32@2x.png"; sourceTree = "<group>"; };
		854919B81EF361F40057C4AE /* im_ee_33@2x.png */ = {isa = PBXFileReference; lastKnownFileType = image.png; path = "im_ee_33@2x.png"; sourceTree = "<group>"; };
		854919B91EF361F40057C4AE /* im_ee_34@2x.png */ = {isa = PBXFileReference; lastKnownFileType = image.png; path = "im_ee_34@2x.png"; sourceTree = "<group>"; };
		854919BA1EF361F40057C4AE /* im_ee_35@2x.png */ = {isa = PBXFileReference; lastKnownFileType = image.png; path = "im_ee_35@2x.png"; sourceTree = "<group>"; };
		854919BB1EF361F40057C4AE /* im_ee_36@2x.png */ = {isa = PBXFileReference; lastKnownFileType = image.png; path = "im_ee_36@2x.png"; sourceTree = "<group>"; };
		854919BC1EF361F40057C4AE /* im_ee_37@2x.png */ = {isa = PBXFileReference; lastKnownFileType = image.png; path = "im_ee_37@2x.png"; sourceTree = "<group>"; };
		854919BD1EF361F40057C4AE /* im_ee_38@2x.png */ = {isa = PBXFileReference; lastKnownFileType = image.png; path = "im_ee_38@2x.png"; sourceTree = "<group>"; };
		854919BE1EF361F40057C4AE /* im_ee_39@2x.png */ = {isa = PBXFileReference; lastKnownFileType = image.png; path = "im_ee_39@2x.png"; sourceTree = "<group>"; };
		854919BF1EF361F40057C4AE /* im_ee_3@2x.png */ = {isa = PBXFileReference; lastKnownFileType = image.png; path = "im_ee_3@2x.png"; sourceTree = "<group>"; };
		854919C01EF361F40057C4AE /* im_ee_40@2x.png */ = {isa = PBXFileReference; lastKnownFileType = image.png; path = "im_ee_40@2x.png"; sourceTree = "<group>"; };
		854919C11EF361F40057C4AE /* im_ee_41@2x.png */ = {isa = PBXFileReference; lastKnownFileType = image.png; path = "im_ee_41@2x.png"; sourceTree = "<group>"; };
		854919C21EF361F40057C4AE /* im_ee_42@2x.png */ = {isa = PBXFileReference; lastKnownFileType = image.png; path = "im_ee_42@2x.png"; sourceTree = "<group>"; };
		854919C31EF361F40057C4AE /* im_ee_43@2x.png */ = {isa = PBXFileReference; lastKnownFileType = image.png; path = "im_ee_43@2x.png"; sourceTree = "<group>"; };
		854919C41EF361F40057C4AE /* im_ee_44@2x.png */ = {isa = PBXFileReference; lastKnownFileType = image.png; path = "im_ee_44@2x.png"; sourceTree = "<group>"; };
		854919C51EF361F40057C4AE /* im_ee_45@2x.png */ = {isa = PBXFileReference; lastKnownFileType = image.png; path = "im_ee_45@2x.png"; sourceTree = "<group>"; };
		854919C61EF361F40057C4AE /* im_ee_46@2x.png */ = {isa = PBXFileReference; lastKnownFileType = image.png; path = "im_ee_46@2x.png"; sourceTree = "<group>"; };
		854919C71EF361F40057C4AE /* im_ee_47@2x.png */ = {isa = PBXFileReference; lastKnownFileType = image.png; path = "im_ee_47@2x.png"; sourceTree = "<group>"; };
		854919C81EF361F40057C4AE /* im_ee_48@2x.png */ = {isa = PBXFileReference; lastKnownFileType = image.png; path = "im_ee_48@2x.png"; sourceTree = "<group>"; };
		854919C91EF361F40057C4AE /* im_ee_49@2x.png */ = {isa = PBXFileReference; lastKnownFileType = image.png; path = "im_ee_49@2x.png"; sourceTree = "<group>"; };
		854919CA1EF361F40057C4AE /* im_ee_4@2x.png */ = {isa = PBXFileReference; lastKnownFileType = image.png; path = "im_ee_4@2x.png"; sourceTree = "<group>"; };
		854919CB1EF361F40057C4AE /* im_ee_50@2x.png */ = {isa = PBXFileReference; lastKnownFileType = image.png; path = "im_ee_50@2x.png"; sourceTree = "<group>"; };
		854919CC1EF361F40057C4AE /* im_ee_51@2x.png */ = {isa = PBXFileReference; lastKnownFileType = image.png; path = "im_ee_51@2x.png"; sourceTree = "<group>"; };
		854919CD1EF361F40057C4AE /* im_ee_52@2x.png */ = {isa = PBXFileReference; lastKnownFileType = image.png; path = "im_ee_52@2x.png"; sourceTree = "<group>"; };
		854919CE1EF361F40057C4AE /* im_ee_53@2x.png */ = {isa = PBXFileReference; lastKnownFileType = image.png; path = "im_ee_53@2x.png"; sourceTree = "<group>"; };
		854919CF1EF361F40057C4AE /* im_ee_54@2x.png */ = {isa = PBXFileReference; lastKnownFileType = image.png; path = "im_ee_54@2x.png"; sourceTree = "<group>"; };
		854919D01EF361F40057C4AE /* im_ee_55@2x.png */ = {isa = PBXFileReference; lastKnownFileType = image.png; path = "im_ee_55@2x.png"; sourceTree = "<group>"; };
		854919D11EF361F40057C4AE /* im_ee_56@2x.png */ = {isa = PBXFileReference; lastKnownFileType = image.png; path = "im_ee_56@2x.png"; sourceTree = "<group>"; };
		854919D21EF361F40057C4AE /* im_ee_57@2x.png */ = {isa = PBXFileReference; lastKnownFileType = image.png; path = "im_ee_57@2x.png"; sourceTree = "<group>"; };
		854919D31EF361F40057C4AE /* im_ee_58@2x.png */ = {isa = PBXFileReference; lastKnownFileType = image.png; path = "im_ee_58@2x.png"; sourceTree = "<group>"; };
		854919D41EF361F40057C4AE /* im_ee_59@2x.png */ = {isa = PBXFileReference; lastKnownFileType = image.png; path = "im_ee_59@2x.png"; sourceTree = "<group>"; };
		854919D51EF361F40057C4AE /* im_ee_5@2x.png */ = {isa = PBXFileReference; lastKnownFileType = image.png; path = "im_ee_5@2x.png"; sourceTree = "<group>"; };
		854919D61EF361F40057C4AE /* im_ee_60@2x.png */ = {isa = PBXFileReference; lastKnownFileType = image.png; path = "im_ee_60@2x.png"; sourceTree = "<group>"; };
		854919D71EF361F40057C4AE /* im_ee_61@2x.png */ = {isa = PBXFileReference; lastKnownFileType = image.png; path = "im_ee_61@2x.png"; sourceTree = "<group>"; };
		854919D81EF361F40057C4AE /* im_ee_62@2x.png */ = {isa = PBXFileReference; lastKnownFileType = image.png; path = "im_ee_62@2x.png"; sourceTree = "<group>"; };
		854919D91EF361F40057C4AE /* im_ee_63@2x.png */ = {isa = PBXFileReference; lastKnownFileType = image.png; path = "im_ee_63@2x.png"; sourceTree = "<group>"; };
		854919DA1EF361F40057C4AE /* im_ee_64@2x.png */ = {isa = PBXFileReference; lastKnownFileType = image.png; path = "im_ee_64@2x.png"; sourceTree = "<group>"; };
		854919DB1EF361F40057C4AE /* im_ee_65@2x.png */ = {isa = PBXFileReference; lastKnownFileType = image.png; path = "im_ee_65@2x.png"; sourceTree = "<group>"; };
		854919DC1EF361F40057C4AE /* im_ee_66@2x.png */ = {isa = PBXFileReference; lastKnownFileType = image.png; path = "im_ee_66@2x.png"; sourceTree = "<group>"; };
		854919DD1EF361F40057C4AE /* im_ee_67@2x.png */ = {isa = PBXFileReference; lastKnownFileType = image.png; path = "im_ee_67@2x.png"; sourceTree = "<group>"; };
		854919DE1EF361F40057C4AE /* im_ee_68@2x.png */ = {isa = PBXFileReference; lastKnownFileType = image.png; path = "im_ee_68@2x.png"; sourceTree = "<group>"; };
		854919DF1EF361F40057C4AE /* im_ee_69@2x.png */ = {isa = PBXFileReference; lastKnownFileType = image.png; path = "im_ee_69@2x.png"; sourceTree = "<group>"; };
		854919E01EF361F40057C4AE /* im_ee_6@2x.png */ = {isa = PBXFileReference; lastKnownFileType = image.png; path = "im_ee_6@2x.png"; sourceTree = "<group>"; };
		854919E11EF361F40057C4AE /* im_ee_70@2x.png */ = {isa = PBXFileReference; lastKnownFileType = image.png; path = "im_ee_70@2x.png"; sourceTree = "<group>"; };
		854919E21EF361F40057C4AE /* im_ee_71@2x.png */ = {isa = PBXFileReference; lastKnownFileType = image.png; path = "im_ee_71@2x.png"; sourceTree = "<group>"; };
		854919E31EF361F40057C4AE /* im_ee_72@2x.png */ = {isa = PBXFileReference; lastKnownFileType = image.png; path = "im_ee_72@2x.png"; sourceTree = "<group>"; };
		854919E41EF361F40057C4AE /* im_ee_73@2x.png */ = {isa = PBXFileReference; lastKnownFileType = image.png; path = "im_ee_73@2x.png"; sourceTree = "<group>"; };
		854919E51EF361F40057C4AE /* im_ee_74@2x.png */ = {isa = PBXFileReference; lastKnownFileType = image.png; path = "im_ee_74@2x.png"; sourceTree = "<group>"; };
		854919E61EF361F40057C4AE /* im_ee_75@2x.png */ = {isa = PBXFileReference; lastKnownFileType = image.png; path = "im_ee_75@2x.png"; sourceTree = "<group>"; };
		854919E71EF361F40057C4AE /* im_ee_76@2x.png */ = {isa = PBXFileReference; lastKnownFileType = image.png; path = "im_ee_76@2x.png"; sourceTree = "<group>"; };
		854919E81EF361F40057C4AE /* im_ee_77@2x.png */ = {isa = PBXFileReference; lastKnownFileType = image.png; path = "im_ee_77@2x.png"; sourceTree = "<group>"; };
		854919E91EF361F40057C4AE /* im_ee_78@2x.png */ = {isa = PBXFileReference; lastKnownFileType = image.png; path = "im_ee_78@2x.png"; sourceTree = "<group>"; };
		854919EA1EF361F40057C4AE /* im_ee_79@2x.png */ = {isa = PBXFileReference; lastKnownFileType = image.png; path = "im_ee_79@2x.png"; sourceTree = "<group>"; };
		854919EB1EF361F40057C4AE /* im_ee_7@2x.png */ = {isa = PBXFileReference; lastKnownFileType = image.png; path = "im_ee_7@2x.png"; sourceTree = "<group>"; };
		854919EC1EF361F40057C4AE /* im_ee_80@2x.png */ = {isa = PBXFileReference; lastKnownFileType = image.png; path = "im_ee_80@2x.png"; sourceTree = "<group>"; };
		854919ED1EF361F40057C4AE /* im_ee_81@2x.png */ = {isa = PBXFileReference; lastKnownFileType = image.png; path = "im_ee_81@2x.png"; sourceTree = "<group>"; };
		854919EE1EF361F40057C4AE /* im_ee_82@2x.png */ = {isa = PBXFileReference; lastKnownFileType = image.png; path = "im_ee_82@2x.png"; sourceTree = "<group>"; };
		854919EF1EF361F40057C4AE /* im_ee_83@2x.png */ = {isa = PBXFileReference; lastKnownFileType = image.png; path = "im_ee_83@2x.png"; sourceTree = "<group>"; };
		854919F01EF361F40057C4AE /* im_ee_84@2x.png */ = {isa = PBXFileReference; lastKnownFileType = image.png; path = "im_ee_84@2x.png"; sourceTree = "<group>"; };
		854919F11EF361F40057C4AE /* im_ee_85@2x.png */ = {isa = PBXFileReference; lastKnownFileType = image.png; path = "im_ee_85@2x.png"; sourceTree = "<group>"; };
		854919F21EF361F40057C4AE /* im_ee_86@2x.png */ = {isa = PBXFileReference; lastKnownFileType = image.png; path = "im_ee_86@2x.png"; sourceTree = "<group>"; };
		854919F31EF361F40057C4AE /* im_ee_87@2x.png */ = {isa = PBXFileReference; lastKnownFileType = image.png; path = "im_ee_87@2x.png"; sourceTree = "<group>"; };
		854919F41EF361F40057C4AE /* im_ee_88@2x.png */ = {isa = PBXFileReference; lastKnownFileType = image.png; path = "im_ee_88@2x.png"; sourceTree = "<group>"; };
		854919F51EF361F40057C4AE /* im_ee_89@2x.png */ = {isa = PBXFileReference; lastKnownFileType = image.png; path = "im_ee_89@2x.png"; sourceTree = "<group>"; };
		854919F61EF361F40057C4AE /* im_ee_8@2x.png */ = {isa = PBXFileReference; lastKnownFileType = image.png; path = "im_ee_8@2x.png"; sourceTree = "<group>"; };
		854919F71EF361F40057C4AE /* im_ee_90@2x.png */ = {isa = PBXFileReference; lastKnownFileType = image.png; path = "im_ee_90@2x.png"; sourceTree = "<group>"; };
		854919F81EF361F40057C4AE /* im_ee_9@2x.png */ = {isa = PBXFileReference; lastKnownFileType = image.png; path = "im_ee_9@2x.png"; sourceTree = "<group>"; };
		854919FF1EF361F40057C4AE /* 大哭@2x.png */ = {isa = PBXFileReference; lastKnownFileType = image.png; path = "大哭@2x.png"; sourceTree = "<group>"; };
		85491A001EF361F40057C4AE /* 流泪@2x.png */ = {isa = PBXFileReference; lastKnownFileType = image.png; path = "流泪@2x.png"; sourceTree = "<group>"; };
		85573B551EF2645700FF0131 /* YYTextContainerView.h */ = {isa = PBXFileReference; fileEncoding = 4; lastKnownFileType = sourcecode.c.h; path = YYTextContainerView.h; sourceTree = "<group>"; };
		85573B561EF2645700FF0131 /* YYTextContainerView.m */ = {isa = PBXFileReference; fileEncoding = 4; lastKnownFileType = sourcecode.c.objc; path = YYTextContainerView.m; sourceTree = "<group>"; };
		85573B571EF2645700FF0131 /* YYTextDebugOption.h */ = {isa = PBXFileReference; fileEncoding = 4; lastKnownFileType = sourcecode.c.h; path = YYTextDebugOption.h; sourceTree = "<group>"; };
		85573B581EF2645700FF0131 /* YYTextDebugOption.m */ = {isa = PBXFileReference; fileEncoding = 4; lastKnownFileType = sourcecode.c.objc; path = YYTextDebugOption.m; sourceTree = "<group>"; };
		85573B591EF2645700FF0131 /* YYTextEffectWindow.h */ = {isa = PBXFileReference; fileEncoding = 4; lastKnownFileType = sourcecode.c.h; path = YYTextEffectWindow.h; sourceTree = "<group>"; };
		85573B5A1EF2645700FF0131 /* YYTextEffectWindow.m */ = {isa = PBXFileReference; fileEncoding = 4; lastKnownFileType = sourcecode.c.objc; path = YYTextEffectWindow.m; sourceTree = "<group>"; };
		85573B5B1EF2645700FF0131 /* YYTextInput.h */ = {isa = PBXFileReference; fileEncoding = 4; lastKnownFileType = sourcecode.c.h; path = YYTextInput.h; sourceTree = "<group>"; };
		85573B5C1EF2645700FF0131 /* YYTextInput.m */ = {isa = PBXFileReference; fileEncoding = 4; lastKnownFileType = sourcecode.c.objc; path = YYTextInput.m; sourceTree = "<group>"; };
		85573B5D1EF2645700FF0131 /* YYTextKeyboardManager.h */ = {isa = PBXFileReference; fileEncoding = 4; lastKnownFileType = sourcecode.c.h; path = YYTextKeyboardManager.h; sourceTree = "<group>"; };
		85573B5E1EF2645700FF0131 /* YYTextKeyboardManager.m */ = {isa = PBXFileReference; fileEncoding = 4; lastKnownFileType = sourcecode.c.objc; path = YYTextKeyboardManager.m; sourceTree = "<group>"; };
		85573B5F1EF2645700FF0131 /* YYTextLayout.h */ = {isa = PBXFileReference; fileEncoding = 4; lastKnownFileType = sourcecode.c.h; path = YYTextLayout.h; sourceTree = "<group>"; };
		85573B601EF2645700FF0131 /* YYTextLayout.m */ = {isa = PBXFileReference; fileEncoding = 4; lastKnownFileType = sourcecode.c.objc; path = YYTextLayout.m; sourceTree = "<group>"; };
		85573B611EF2645700FF0131 /* YYTextLine.h */ = {isa = PBXFileReference; fileEncoding = 4; lastKnownFileType = sourcecode.c.h; path = YYTextLine.h; sourceTree = "<group>"; };
		85573B621EF2645700FF0131 /* YYTextLine.m */ = {isa = PBXFileReference; fileEncoding = 4; lastKnownFileType = sourcecode.c.objc; path = YYTextLine.m; sourceTree = "<group>"; };
		85573B631EF2645700FF0131 /* YYTextMagnifier.h */ = {isa = PBXFileReference; fileEncoding = 4; lastKnownFileType = sourcecode.c.h; path = YYTextMagnifier.h; sourceTree = "<group>"; };
		85573B641EF2645700FF0131 /* YYTextMagnifier.m */ = {isa = PBXFileReference; fileEncoding = 4; lastKnownFileType = sourcecode.c.objc; path = YYTextMagnifier.m; sourceTree = "<group>"; };
		85573B651EF2645700FF0131 /* YYTextSelectionView.h */ = {isa = PBXFileReference; fileEncoding = 4; lastKnownFileType = sourcecode.c.h; path = YYTextSelectionView.h; sourceTree = "<group>"; };
		85573B661EF2645700FF0131 /* YYTextSelectionView.m */ = {isa = PBXFileReference; fileEncoding = 4; lastKnownFileType = sourcecode.c.objc; path = YYTextSelectionView.m; sourceTree = "<group>"; };
		85573B711EF2647000FF0131 /* YYTextArchiver.h */ = {isa = PBXFileReference; fileEncoding = 4; lastKnownFileType = sourcecode.c.h; path = YYTextArchiver.h; sourceTree = "<group>"; };
		85573B721EF2647000FF0131 /* YYTextArchiver.m */ = {isa = PBXFileReference; fileEncoding = 4; lastKnownFileType = sourcecode.c.objc; path = YYTextArchiver.m; sourceTree = "<group>"; };
		85573B731EF2647000FF0131 /* YYTextAttribute.h */ = {isa = PBXFileReference; fileEncoding = 4; lastKnownFileType = sourcecode.c.h; path = YYTextAttribute.h; sourceTree = "<group>"; };
		85573B741EF2647000FF0131 /* YYTextAttribute.m */ = {isa = PBXFileReference; fileEncoding = 4; lastKnownFileType = sourcecode.c.objc; path = YYTextAttribute.m; sourceTree = "<group>"; };
		85573B751EF2647000FF0131 /* YYTextParser.h */ = {isa = PBXFileReference; fileEncoding = 4; lastKnownFileType = sourcecode.c.h; path = YYTextParser.h; sourceTree = "<group>"; };
		85573B761EF2647000FF0131 /* YYTextParser.m */ = {isa = PBXFileReference; fileEncoding = 4; lastKnownFileType = sourcecode.c.objc; path = YYTextParser.m; sourceTree = "<group>"; };
		85573B771EF2647000FF0131 /* YYTextRubyAnnotation.h */ = {isa = PBXFileReference; fileEncoding = 4; lastKnownFileType = sourcecode.c.h; path = YYTextRubyAnnotation.h; sourceTree = "<group>"; };
		85573B781EF2647000FF0131 /* YYTextRubyAnnotation.m */ = {isa = PBXFileReference; fileEncoding = 4; lastKnownFileType = sourcecode.c.objc; path = YYTextRubyAnnotation.m; sourceTree = "<group>"; };
		85573B791EF2647000FF0131 /* YYTextRunDelegate.h */ = {isa = PBXFileReference; fileEncoding = 4; lastKnownFileType = sourcecode.c.h; path = YYTextRunDelegate.h; sourceTree = "<group>"; };
		85573B7A1EF2647000FF0131 /* YYTextRunDelegate.m */ = {isa = PBXFileReference; fileEncoding = 4; lastKnownFileType = sourcecode.c.objc; path = YYTextRunDelegate.m; sourceTree = "<group>"; };
		85573B7C1EF2647000FF0131 /* NSAttributedString+YYText.h */ = {isa = PBXFileReference; fileEncoding = 4; lastKnownFileType = sourcecode.c.h; path = "NSAttributedString+YYText.h"; sourceTree = "<group>"; };
		85573B7D1EF2647000FF0131 /* NSAttributedString+YYText.m */ = {isa = PBXFileReference; fileEncoding = 4; lastKnownFileType = sourcecode.c.objc; path = "NSAttributedString+YYText.m"; sourceTree = "<group>"; };
		85573B7E1EF2647000FF0131 /* NSParagraphStyle+YYText.h */ = {isa = PBXFileReference; fileEncoding = 4; lastKnownFileType = sourcecode.c.h; path = "NSParagraphStyle+YYText.h"; sourceTree = "<group>"; };
		85573B7F1EF2647000FF0131 /* NSParagraphStyle+YYText.m */ = {isa = PBXFileReference; fileEncoding = 4; lastKnownFileType = sourcecode.c.objc; path = "NSParagraphStyle+YYText.m"; sourceTree = "<group>"; };
		85573B801EF2647000FF0131 /* UIPasteboard+YYText.h */ = {isa = PBXFileReference; fileEncoding = 4; lastKnownFileType = sourcecode.c.h; path = "UIPasteboard+YYText.h"; sourceTree = "<group>"; };
		85573B811EF2647000FF0131 /* UIPasteboard+YYText.m */ = {isa = PBXFileReference; fileEncoding = 4; lastKnownFileType = sourcecode.c.objc; path = "UIPasteboard+YYText.m"; sourceTree = "<group>"; };
		85573B821EF2647000FF0131 /* UIView+YYText.h */ = {isa = PBXFileReference; fileEncoding = 4; lastKnownFileType = sourcecode.c.h; path = "UIView+YYText.h"; sourceTree = "<group>"; };
		85573B831EF2647000FF0131 /* UIView+YYText.m */ = {isa = PBXFileReference; fileEncoding = 4; lastKnownFileType = sourcecode.c.objc; path = "UIView+YYText.m"; sourceTree = "<group>"; };
		85573B841EF2647000FF0131 /* YYTextAsyncLayer.h */ = {isa = PBXFileReference; fileEncoding = 4; lastKnownFileType = sourcecode.c.h; path = YYTextAsyncLayer.h; sourceTree = "<group>"; };
		85573B851EF2647000FF0131 /* YYTextAsyncLayer.m */ = {isa = PBXFileReference; fileEncoding = 4; lastKnownFileType = sourcecode.c.objc; path = YYTextAsyncLayer.m; sourceTree = "<group>"; };
		85573B861EF2647000FF0131 /* YYTextTransaction.h */ = {isa = PBXFileReference; fileEncoding = 4; lastKnownFileType = sourcecode.c.h; path = YYTextTransaction.h; sourceTree = "<group>"; };
		85573B871EF2647000FF0131 /* YYTextTransaction.m */ = {isa = PBXFileReference; fileEncoding = 4; lastKnownFileType = sourcecode.c.objc; path = YYTextTransaction.m; sourceTree = "<group>"; };
		85573B881EF2647000FF0131 /* YYTextUtilities.h */ = {isa = PBXFileReference; fileEncoding = 4; lastKnownFileType = sourcecode.c.h; path = YYTextUtilities.h; sourceTree = "<group>"; };
		85573B891EF2647000FF0131 /* YYTextUtilities.m */ = {isa = PBXFileReference; fileEncoding = 4; lastKnownFileType = sourcecode.c.objc; path = YYTextUtilities.m; sourceTree = "<group>"; };
		85573B8A1EF2647000FF0131 /* YYTextWeakProxy.h */ = {isa = PBXFileReference; fileEncoding = 4; lastKnownFileType = sourcecode.c.h; path = YYTextWeakProxy.h; sourceTree = "<group>"; };
		85573B8B1EF2647000FF0131 /* YYTextWeakProxy.m */ = {isa = PBXFileReference; fileEncoding = 4; lastKnownFileType = sourcecode.c.objc; path = YYTextWeakProxy.m; sourceTree = "<group>"; };
		85573B8C1EF2647000FF0131 /* YYLabel.h */ = {isa = PBXFileReference; fileEncoding = 4; lastKnownFileType = sourcecode.c.h; path = YYLabel.h; sourceTree = "<group>"; };
		85573B8D1EF2647000FF0131 /* YYLabel.m */ = {isa = PBXFileReference; fileEncoding = 4; lastKnownFileType = sourcecode.c.objc; path = YYLabel.m; sourceTree = "<group>"; };
		85573B8E1EF2647000FF0131 /* YYText.h */ = {isa = PBXFileReference; fileEncoding = 4; lastKnownFileType = sourcecode.c.h; path = YYText.h; sourceTree = "<group>"; };
		85573B8F1EF2647000FF0131 /* YYTextView.h */ = {isa = PBXFileReference; fileEncoding = 4; lastKnownFileType = sourcecode.c.h; path = YYTextView.h; sourceTree = "<group>"; };
		85573B901EF2647000FF0131 /* YYTextView.m */ = {isa = PBXFileReference; fileEncoding = 4; lastKnownFileType = sourcecode.c.objc; path = YYTextView.m; sourceTree = "<group>"; };
		85573BA01EF2664000FF0131 /* NSString+SimpleModifier.h */ = {isa = PBXFileReference; fileEncoding = 4; lastKnownFileType = sourcecode.c.h; path = "NSString+SimpleModifier.h"; sourceTree = "<group>"; };
		85573BA11EF2664000FF0131 /* NSString+SimpleModifier.m */ = {isa = PBXFileReference; fileEncoding = 4; lastKnownFileType = sourcecode.c.objc; path = "NSString+SimpleModifier.m"; sourceTree = "<group>"; };
		85573BA31EF27C4500FF0131 /* 1.png */ = {isa = PBXFileReference; lastKnownFileType = image.png; path = 1.png; sourceTree = "<group>"; };
		8560690C1EE53FE6007BD3A2 /* CBEmojiKeyboard.app */ = {isa = PBXFileReference; explicitFileType = wrapper.application; includeInIndex = 0; path = CBEmojiKeyboard.app; sourceTree = BUILT_PRODUCTS_DIR; };
		856069101EE53FE6007BD3A2 /* main.m */ = {isa = PBXFileReference; lastKnownFileType = sourcecode.c.objc; path = main.m; sourceTree = "<group>"; };
		856069121EE53FE6007BD3A2 /* AppDelegate.h */ = {isa = PBXFileReference; lastKnownFileType = sourcecode.c.h; path = AppDelegate.h; sourceTree = "<group>"; };
		856069131EE53FE6007BD3A2 /* AppDelegate.m */ = {isa = PBXFileReference; lastKnownFileType = sourcecode.c.objc; path = AppDelegate.m; sourceTree = "<group>"; };
		856069151EE53FE6007BD3A2 /* ViewController.h */ = {isa = PBXFileReference; lastKnownFileType = sourcecode.c.h; path = ViewController.h; sourceTree = "<group>"; };
		856069161EE53FE6007BD3A2 /* ViewController.m */ = {isa = PBXFileReference; lastKnownFileType = sourcecode.c.objc; path = ViewController.m; sourceTree = "<group>"; };
		856069191EE53FE6007BD3A2 /* Base */ = {isa = PBXFileReference; lastKnownFileType = file.storyboard; name = Base; path = Base.lproj/Main.storyboard; sourceTree = "<group>"; };
		8560691B1EE53FE6007BD3A2 /* Assets.xcassets */ = {isa = PBXFileReference; lastKnownFileType = folder.assetcatalog; path = Assets.xcassets; sourceTree = "<group>"; };
		8560691E1EE53FE6007BD3A2 /* Base */ = {isa = PBXFileReference; lastKnownFileType = file.storyboard; name = Base; path = Base.lproj/LaunchScreen.storyboard; sourceTree = "<group>"; };
		856069201EE53FE6007BD3A2 /* Info.plist */ = {isa = PBXFileReference; lastKnownFileType = text.plist.xml; path = Info.plist; sourceTree = "<group>"; };
		856069251EE53FE6007BD3A2 /* CBEmojiKeyboardTests.xctest */ = {isa = PBXFileReference; explicitFileType = wrapper.cfbundle; includeInIndex = 0; path = CBEmojiKeyboardTests.xctest; sourceTree = BUILT_PRODUCTS_DIR; };
		856069291EE53FE6007BD3A2 /* CBEmojiKeyboardTests.m */ = {isa = PBXFileReference; lastKnownFileType = sourcecode.c.objc; path = CBEmojiKeyboardTests.m; sourceTree = "<group>"; };
		8560692B1EE53FE6007BD3A2 /* Info.plist */ = {isa = PBXFileReference; lastKnownFileType = text.plist.xml; path = Info.plist; sourceTree = "<group>"; };
		856069301EE53FE6007BD3A2 /* CBEmojiKeyboardUITests.xctest */ = {isa = PBXFileReference; explicitFileType = wrapper.cfbundle; includeInIndex = 0; path = CBEmojiKeyboardUITests.xctest; sourceTree = BUILT_PRODUCTS_DIR; };
		856069341EE53FE6007BD3A2 /* CBEmojiKeyboardUITests.m */ = {isa = PBXFileReference; lastKnownFileType = sourcecode.c.objc; path = CBEmojiKeyboardUITests.m; sourceTree = "<group>"; };
		856069361EE53FE7007BD3A2 /* Info.plist */ = {isa = PBXFileReference; lastKnownFileType = text.plist.xml; path = Info.plist; sourceTree = "<group>"; };
		856069FB1EE5409E007BD3A2 /* EmojiKeyboarView.h */ = {isa = PBXFileReference; fileEncoding = 4; lastKnownFileType = sourcecode.c.h; path = EmojiKeyboarView.h; sourceTree = "<group>"; };
		856069FC1EE5409E007BD3A2 /* EmojiKeyboarView.m */ = {isa = PBXFileReference; fileEncoding = 4; lastKnownFileType = sourcecode.c.objc; path = EmojiKeyboarView.m; sourceTree = "<group>"; };
		856069FE1EE540DB007BD3A2 /* UIView+CBExtension.h */ = {isa = PBXFileReference; fileEncoding = 4; lastKnownFileType = sourcecode.c.h; path = "UIView+CBExtension.h"; sourceTree = "<group>"; };
		856069FF1EE540DB007BD3A2 /* UIView+CBExtension.m */ = {isa = PBXFileReference; fileEncoding = 4; lastKnownFileType = sourcecode.c.objc; path = "UIView+CBExtension.m"; sourceTree = "<group>"; };
		85606AC21EE639C8007BD3A2 /* NSString+DeleteEmojiStr.h */ = {isa = PBXFileReference; fileEncoding = 4; lastKnownFileType = sourcecode.c.h; path = "NSString+DeleteEmojiStr.h"; sourceTree = "<group>"; };
		85606AC31EE639C8007BD3A2 /* NSString+DeleteEmojiStr.m */ = {isa = PBXFileReference; fileEncoding = 4; lastKnownFileType = sourcecode.c.objc; path = "NSString+DeleteEmojiStr.m"; sourceTree = "<group>"; };
/* End PBXFileReference section */

/* Begin PBXFrameworksBuildPhase section */
		856069091EE53FE6007BD3A2 /* Frameworks */ = {
			isa = PBXFrameworksBuildPhase;
			buildActionMask = 2147483647;
			files = (
			);
			runOnlyForDeploymentPostprocessing = 0;
		};
		856069221EE53FE6007BD3A2 /* Frameworks */ = {
			isa = PBXFrameworksBuildPhase;
			buildActionMask = 2147483647;
			files = (
			);
			runOnlyForDeploymentPostprocessing = 0;
		};
		8560692D1EE53FE6007BD3A2 /* Frameworks */ = {
			isa = PBXFrameworksBuildPhase;
			buildActionMask = 2147483647;
			files = (
			);
			runOnlyForDeploymentPostprocessing = 0;
		};
/* End PBXFrameworksBuildPhase section */

/* Begin PBXGroup section */
		8549199A1EF361F40057C4AE /* 静态表情 */ = {
			isa = PBXGroup;
			children = (
				8549199B1EF361F40057C4AE /* emojiDataArr.plist */,
				8549199E1EF361F40057C4AE /* emojiNameArr.plist */,
				8549199F1EF361F40057C4AE /* im_ee_10@2x.png */,
				854919A01EF361F40057C4AE /* im_ee_11@2x.png */,
				854919A11EF361F40057C4AE /* im_ee_12@2x.png */,
				854919A21EF361F40057C4AE /* im_ee_13@2x.png */,
				854919A31EF361F40057C4AE /* im_ee_14@2x.png */,
				854919A41EF361F40057C4AE /* im_ee_15@2x.png */,
				854919A51EF361F40057C4AE /* im_ee_16@2x.png */,
				854919A61EF361F40057C4AE /* im_ee_17@2x.png */,
				854919A71EF361F40057C4AE /* im_ee_18@2x.png */,
				854919A81EF361F40057C4AE /* im_ee_19@2x.png */,
				854919A91EF361F40057C4AE /* im_ee_1@2x.png */,
				854919AA1EF361F40057C4AE /* im_ee_20@2x.png */,
				854919AB1EF361F40057C4AE /* im_ee_21@2x.png */,
				854919AC1EF361F40057C4AE /* im_ee_22@2x.png */,
				854919AD1EF361F40057C4AE /* im_ee_23@2x.png */,
				854919AE1EF361F40057C4AE /* im_ee_24@2x.png */,
				854919AF1EF361F40057C4AE /* im_ee_25@2x.png */,
				854919B01EF361F40057C4AE /* im_ee_26@2x.png */,
				854919B11EF361F40057C4AE /* im_ee_27@2x.png */,
				854919B21EF361F40057C4AE /* im_ee_28@2x.png */,
				854919B31EF361F40057C4AE /* im_ee_29@2x.png */,
				854919B41EF361F40057C4AE /* im_ee_2@2x.png */,
				854919B51EF361F40057C4AE /* im_ee_30@2x.png */,
				854919B61EF361F40057C4AE /* im_ee_31@2x.png */,
				854919B71EF361F40057C4AE /* im_ee_32@2x.png */,
				854919B81EF361F40057C4AE /* im_ee_33@2x.png */,
				854919B91EF361F40057C4AE /* im_ee_34@2x.png */,
				854919BA1EF361F40057C4AE /* im_ee_35@2x.png */,
				854919BB1EF361F40057C4AE /* im_ee_36@2x.png */,
				854919BC1EF361F40057C4AE /* im_ee_37@2x.png */,
				854919BD1EF361F40057C4AE /* im_ee_38@2x.png */,
				854919BE1EF361F40057C4AE /* im_ee_39@2x.png */,
				854919BF1EF361F40057C4AE /* im_ee_3@2x.png */,
				854919C01EF361F40057C4AE /* im_ee_40@2x.png */,
				854919C11EF361F40057C4AE /* im_ee_41@2x.png */,
				854919C21EF361F40057C4AE /* im_ee_42@2x.png */,
				854919C31EF361F40057C4AE /* im_ee_43@2x.png */,
				854919C41EF361F40057C4AE /* im_ee_44@2x.png */,
				854919C51EF361F40057C4AE /* im_ee_45@2x.png */,
				854919C61EF361F40057C4AE /* im_ee_46@2x.png */,
				854919C71EF361F40057C4AE /* im_ee_47@2x.png */,
				854919C81EF361F40057C4AE /* im_ee_48@2x.png */,
				854919C91EF361F40057C4AE /* im_ee_49@2x.png */,
				854919CA1EF361F40057C4AE /* im_ee_4@2x.png */,
				854919CB1EF361F40057C4AE /* im_ee_50@2x.png */,
				854919CC1EF361F40057C4AE /* im_ee_51@2x.png */,
				854919CD1EF361F40057C4AE /* im_ee_52@2x.png */,
				854919CE1EF361F40057C4AE /* im_ee_53@2x.png */,
				854919CF1EF361F40057C4AE /* im_ee_54@2x.png */,
				854919D01EF361F40057C4AE /* im_ee_55@2x.png */,
				854919D11EF361F40057C4AE /* im_ee_56@2x.png */,
				854919D21EF361F40057C4AE /* im_ee_57@2x.png */,
				854919D31EF361F40057C4AE /* im_ee_58@2x.png */,
				854919D41EF361F40057C4AE /* im_ee_59@2x.png */,
				854919D51EF361F40057C4AE /* im_ee_5@2x.png */,
				854919D61EF361F40057C4AE /* im_ee_60@2x.png */,
				854919D71EF361F40057C4AE /* im_ee_61@2x.png */,
				854919D81EF361F40057C4AE /* im_ee_62@2x.png */,
				854919D91EF361F40057C4AE /* im_ee_63@2x.png */,
				854919DA1EF361F40057C4AE /* im_ee_64@2x.png */,
				854919DB1EF361F40057C4AE /* im_ee_65@2x.png */,
				854919DC1EF361F40057C4AE /* im_ee_66@2x.png */,
				854919DD1EF361F40057C4AE /* im_ee_67@2x.png */,
				854919DE1EF361F40057C4AE /* im_ee_68@2x.png */,
				854919DF1EF361F40057C4AE /* im_ee_69@2x.png */,
				854919E01EF361F40057C4AE /* im_ee_6@2x.png */,
				854919E11EF361F40057C4AE /* im_ee_70@2x.png */,
				854919E21EF361F40057C4AE /* im_ee_71@2x.png */,
				854919E31EF361F40057C4AE /* im_ee_72@2x.png */,
				854919E41EF361F40057C4AE /* im_ee_73@2x.png */,
				854919E51EF361F40057C4AE /* im_ee_74@2x.png */,
				854919E61EF361F40057C4AE /* im_ee_75@2x.png */,
				854919E71EF361F40057C4AE /* im_ee_76@2x.png */,
				854919E81EF361F40057C4AE /* im_ee_77@2x.png */,
				854919E91EF361F40057C4AE /* im_ee_78@2x.png */,
				854919EA1EF361F40057C4AE /* im_ee_79@2x.png */,
				854919EB1EF361F40057C4AE /* im_ee_7@2x.png */,
				854919EC1EF361F40057C4AE /* im_ee_80@2x.png */,
				854919ED1EF361F40057C4AE /* im_ee_81@2x.png */,
				854919EE1EF361F40057C4AE /* im_ee_82@2x.png */,
				854919EF1EF361F40057C4AE /* im_ee_83@2x.png */,
				854919F01EF361F40057C4AE /* im_ee_84@2x.png */,
				854919F11EF361F40057C4AE /* im_ee_85@2x.png */,
				854919F21EF361F40057C4AE /* im_ee_86@2x.png */,
				854919F31EF361F40057C4AE /* im_ee_87@2x.png */,
				854919F41EF361F40057C4AE /* im_ee_88@2x.png */,
				854919F51EF361F40057C4AE /* im_ee_89@2x.png */,
				854919F61EF361F40057C4AE /* im_ee_8@2x.png */,
				854919F71EF361F40057C4AE /* im_ee_90@2x.png */,
				854919F81EF361F40057C4AE /* im_ee_9@2x.png */,
				854919FF1EF361F40057C4AE /* 大哭@2x.png */,
				85491A001EF361F40057C4AE /* 流泪@2x.png */,
			);
			path = "静态表情";
			sourceTree = "<group>";
		};
		85573B511EF263E700FF0131 /* EmojiKeyBoardView */ = {
			isa = PBXGroup;
			children = (
				856069FB1EE5409E007BD3A2 /* EmojiKeyboarView.h */,
				856069FC1EE5409E007BD3A2 /* EmojiKeyboarView.m */,
			);
			name = EmojiKeyBoardView;
			sourceTree = "<group>";
		};
		85573B521EF2640A00FF0131 /* 扩展 */ = {
			isa = PBXGroup;
			children = (
				856069FE1EE540DB007BD3A2 /* UIView+CBExtension.h */,
				856069FF1EE540DB007BD3A2 /* UIView+CBExtension.m */,
				85606AC21EE639C8007BD3A2 /* NSString+DeleteEmojiStr.h */,
				85606AC31EE639C8007BD3A2 /* NSString+DeleteEmojiStr.m */,
				85573BA01EF2664000FF0131 /* NSString+SimpleModifier.h */,
				85573BA11EF2664000FF0131 /* NSString+SimpleModifier.m */,
			);
			name = "扩展";
			sourceTree = "<group>";
		};
		85573B531EF2642B00FF0131 /* YYText */ = {
			isa = PBXGroup;
			children = (
				85573B701EF2647000FF0131 /* String */,
				85573B7B1EF2647000FF0131 /* Utility */,
				85573B8C1EF2647000FF0131 /* YYLabel.h */,
				85573B8D1EF2647000FF0131 /* YYLabel.m */,
				85573B8E1EF2647000FF0131 /* YYText.h */,
				85573B8F1EF2647000FF0131 /* YYTextView.h */,
				85573B901EF2647000FF0131 /* YYTextView.m */,
				85573B541EF2645700FF0131 /* Component */,
			);
			name = YYText;
			sourceTree = "<group>";
		};
		85573B541EF2645700FF0131 /* Component */ = {
			isa = PBXGroup;
			children = (
				85573B551EF2645700FF0131 /* YYTextContainerView.h */,
				85573B561EF2645700FF0131 /* YYTextContainerView.m */,
				85573B571EF2645700FF0131 /* YYTextDebugOption.h */,
				85573B581EF2645700FF0131 /* YYTextDebugOption.m */,
				85573B591EF2645700FF0131 /* YYTextEffectWindow.h */,
				85573B5A1EF2645700FF0131 /* YYTextEffectWindow.m */,
				85573B5B1EF2645700FF0131 /* YYTextInput.h */,
				85573B5C1EF2645700FF0131 /* YYTextInput.m */,
				85573B5D1EF2645700FF0131 /* YYTextKeyboardManager.h */,
				85573B5E1EF2645700FF0131 /* YYTextKeyboardManager.m */,
				85573B5F1EF2645700FF0131 /* YYTextLayout.h */,
				85573B601EF2645700FF0131 /* YYTextLayout.m */,
				85573B611EF2645700FF0131 /* YYTextLine.h */,
				85573B621EF2645700FF0131 /* YYTextLine.m */,
				85573B631EF2645700FF0131 /* YYTextMagnifier.h */,
				85573B641EF2645700FF0131 /* YYTextMagnifier.m */,
				85573B651EF2645700FF0131 /* YYTextSelectionView.h */,
				85573B661EF2645700FF0131 /* YYTextSelectionView.m */,
			);
			path = Component;
			sourceTree = "<group>";
		};
		85573B701EF2647000FF0131 /* String */ = {
			isa = PBXGroup;
			children = (
				85573B711EF2647000FF0131 /* YYTextArchiver.h */,
				85573B721EF2647000FF0131 /* YYTextArchiver.m */,
				85573B731EF2647000FF0131 /* YYTextAttribute.h */,
				85573B741EF2647000FF0131 /* YYTextAttribute.m */,
				85573B751EF2647000FF0131 /* YYTextParser.h */,
				85573B761EF2647000FF0131 /* YYTextParser.m */,
				85573B771EF2647000FF0131 /* YYTextRubyAnnotation.h */,
				85573B781EF2647000FF0131 /* YYTextRubyAnnotation.m */,
				85573B791EF2647000FF0131 /* YYTextRunDelegate.h */,
				85573B7A1EF2647000FF0131 /* YYTextRunDelegate.m */,
			);
			path = String;
			sourceTree = "<group>";
		};
		85573B7B1EF2647000FF0131 /* Utility */ = {
			isa = PBXGroup;
			children = (
				85573B7C1EF2647000FF0131 /* NSAttributedString+YYText.h */,
				85573B7D1EF2647000FF0131 /* NSAttributedString+YYText.m */,
				85573B7E1EF2647000FF0131 /* NSParagraphStyle+YYText.h */,
				85573B7F1EF2647000FF0131 /* NSParagraphStyle+YYText.m */,
				85573B801EF2647000FF0131 /* UIPasteboard+YYText.h */,
				85573B811EF2647000FF0131 /* UIPasteboard+YYText.m */,
				85573B821EF2647000FF0131 /* UIView+YYText.h */,
				85573B831EF2647000FF0131 /* UIView+YYText.m */,
				85573B841EF2647000FF0131 /* YYTextAsyncLayer.h */,
				85573B851EF2647000FF0131 /* YYTextAsyncLayer.m */,
				85573B861EF2647000FF0131 /* YYTextTransaction.h */,
				85573B871EF2647000FF0131 /* YYTextTransaction.m */,
				85573B881EF2647000FF0131 /* YYTextUtilities.h */,
				85573B891EF2647000FF0131 /* YYTextUtilities.m */,
				85573B8A1EF2647000FF0131 /* YYTextWeakProxy.h */,
				85573B8B1EF2647000FF0131 /* YYTextWeakProxy.m */,
			);
			path = Utility;
			sourceTree = "<group>";
		};
		856069031EE53FE6007BD3A2 = {
			isa = PBXGroup;
			children = (
				8560690E1EE53FE6007BD3A2 /* CBEmojiKeyboard */,
				856069281EE53FE6007BD3A2 /* CBEmojiKeyboardTests */,
				856069331EE53FE6007BD3A2 /* CBEmojiKeyboardUITests */,
				8560690D1EE53FE6007BD3A2 /* Products */,
			);
			sourceTree = "<group>";
		};
		8560690D1EE53FE6007BD3A2 /* Products */ = {
			isa = PBXGroup;
			children = (
				8560690C1EE53FE6007BD3A2 /* CBEmojiKeyboard.app */,
				856069251EE53FE6007BD3A2 /* CBEmojiKeyboardTests.xctest */,
				856069301EE53FE6007BD3A2 /* CBEmojiKeyboardUITests.xctest */,
			);
			name = Products;
			sourceTree = "<group>";
		};
		8560690E1EE53FE6007BD3A2 /* CBEmojiKeyboard */ = {
			isa = PBXGroup;
			children = (
				85573B531EF2642B00FF0131 /* YYText */,
				85573B521EF2640A00FF0131 /* 扩展 */,
				85573B511EF263E700FF0131 /* EmojiKeyBoardView */,
				856069121EE53FE6007BD3A2 /* AppDelegate.h */,
				856069131EE53FE6007BD3A2 /* AppDelegate.m */,
				856069151EE53FE6007BD3A2 /* ViewController.h */,
				856069161EE53FE6007BD3A2 /* ViewController.m */,
				8560690F1EE53FE6007BD3A2 /* Supporting Files */,
			);
			path = CBEmojiKeyboard;
			sourceTree = "<group>";
		};
		8560690F1EE53FE6007BD3A2 /* Supporting Files */ = {
			isa = PBXGroup;
			children = (
				8549199A1EF361F40057C4AE /* 静态表情 */,
				85573BA31EF27C4500FF0131 /* 1.png */,
				856069181EE53FE6007BD3A2 /* Main.storyboard */,
				8560691B1EE53FE6007BD3A2 /* Assets.xcassets */,
				8560691D1EE53FE6007BD3A2 /* LaunchScreen.storyboard */,
				856069201EE53FE6007BD3A2 /* Info.plist */,
				856069101EE53FE6007BD3A2 /* main.m */,
			);
			name = "Supporting Files";
			sourceTree = "<group>";
		};
		856069281EE53FE6007BD3A2 /* CBEmojiKeyboardTests */ = {
			isa = PBXGroup;
			children = (
				856069291EE53FE6007BD3A2 /* CBEmojiKeyboardTests.m */,
				8560692B1EE53FE6007BD3A2 /* Info.plist */,
			);
			path = CBEmojiKeyboardTests;
			sourceTree = "<group>";
		};
		856069331EE53FE6007BD3A2 /* CBEmojiKeyboardUITests */ = {
			isa = PBXGroup;
			children = (
				856069341EE53FE6007BD3A2 /* CBEmojiKeyboardUITests.m */,
				856069361EE53FE7007BD3A2 /* Info.plist */,
			);
			path = CBEmojiKeyboardUITests;
			sourceTree = "<group>";
		};
/* End PBXGroup section */

/* Begin PBXNativeTarget section */
		8560690B1EE53FE6007BD3A2 /* CBEmojiKeyboard */ = {
			isa = PBXNativeTarget;
			buildConfigurationList = 856069391EE53FE7007BD3A2 /* Build configuration list for PBXNativeTarget "CBEmojiKeyboard" */;
			buildPhases = (
				856069081EE53FE6007BD3A2 /* Sources */,
				856069091EE53FE6007BD3A2 /* Frameworks */,
				8560690A1EE53FE6007BD3A2 /* Resources */,
			);
			buildRules = (
			);
			dependencies = (
			);
			name = CBEmojiKeyboard;
			productName = CBEmojiKeyboard;
			productReference = 8560690C1EE53FE6007BD3A2 /* CBEmojiKeyboard.app */;
			productType = "com.apple.product-type.application";
		};
		856069241EE53FE6007BD3A2 /* CBEmojiKeyboardTests */ = {
			isa = PBXNativeTarget;
			buildConfigurationList = 8560693C1EE53FE7007BD3A2 /* Build configuration list for PBXNativeTarget "CBEmojiKeyboardTests" */;
			buildPhases = (
				856069211EE53FE6007BD3A2 /* Sources */,
				856069221EE53FE6007BD3A2 /* Frameworks */,
				856069231EE53FE6007BD3A2 /* Resources */,
			);
			buildRules = (
			);
			dependencies = (
				856069271EE53FE6007BD3A2 /* PBXTargetDependency */,
			);
			name = CBEmojiKeyboardTests;
			productName = CBEmojiKeyboardTests;
			productReference = 856069251EE53FE6007BD3A2 /* CBEmojiKeyboardTests.xctest */;
			productType = "com.apple.product-type.bundle.unit-test";
		};
		8560692F1EE53FE6007BD3A2 /* CBEmojiKeyboardUITests */ = {
			isa = PBXNativeTarget;
			buildConfigurationList = 8560693F1EE53FE7007BD3A2 /* Build configuration list for PBXNativeTarget "CBEmojiKeyboardUITests" */;
			buildPhases = (
				8560692C1EE53FE6007BD3A2 /* Sources */,
				8560692D1EE53FE6007BD3A2 /* Frameworks */,
				8560692E1EE53FE6007BD3A2 /* Resources */,
			);
			buildRules = (
			);
			dependencies = (
				856069321EE53FE6007BD3A2 /* PBXTargetDependency */,
			);
			name = CBEmojiKeyboardUITests;
			productName = CBEmojiKeyboardUITests;
			productReference = 856069301EE53FE6007BD3A2 /* CBEmojiKeyboardUITests.xctest */;
			productType = "com.apple.product-type.bundle.ui-testing";
		};
/* End PBXNativeTarget section */

/* Begin PBXProject section */
		856069041EE53FE6007BD3A2 /* Project object */ = {
			isa = PBXProject;
			attributes = {
				LastUpgradeCheck = 0820;
				ORGANIZATIONNAME = "俊欧巴";
				TargetAttributes = {
					8560690B1EE53FE6007BD3A2 = {
						CreatedOnToolsVersion = 8.2.1;
						DevelopmentTeam = 2265AU9L5R;
						ProvisioningStyle = Automatic;
					};
					856069241EE53FE6007BD3A2 = {
						CreatedOnToolsVersion = 8.2.1;
						ProvisioningStyle = Automatic;
						TestTargetID = 8560690B1EE53FE6007BD3A2;
					};
					8560692F1EE53FE6007BD3A2 = {
						CreatedOnToolsVersion = 8.2.1;
						ProvisioningStyle = Automatic;
						TestTargetID = 8560690B1EE53FE6007BD3A2;
					};
				};
			};
			buildConfigurationList = 856069071EE53FE6007BD3A2 /* Build configuration list for PBXProject "CBEmojiKeyboard" */;
			compatibilityVersion = "Xcode 3.2";
			developmentRegion = English;
			hasScannedForEncodings = 0;
			knownRegions = (
				en,
				Base,
			);
			mainGroup = 856069031EE53FE6007BD3A2;
			productRefGroup = 8560690D1EE53FE6007BD3A2 /* Products */;
			projectDirPath = "";
			projectRoot = "";
			targets = (
				8560690B1EE53FE6007BD3A2 /* CBEmojiKeyboard */,
				856069241EE53FE6007BD3A2 /* CBEmojiKeyboardTests */,
				8560692F1EE53FE6007BD3A2 /* CBEmojiKeyboardUITests */,
			);
		};
/* End PBXProject section */

/* Begin PBXResourcesBuildPhase section */
		8560690A1EE53FE6007BD3A2 /* Resources */ = {
			isa = PBXResourcesBuildPhase;
			buildActionMask = 2147483647;
			files = (
				85491A3B1EF361F40057C4AE /* im_ee_60@2x.png in Resources */,
				85491A1A1EF361F40057C4AE /* im_ee_30@2x.png in Resources */,
				85491A511EF361F40057C4AE /* im_ee_80@2x.png in Resources */,
				85491A421EF361F40057C4AE /* im_ee_67@2x.png in Resources */,
				8560691F1EE53FE6007BD3A2 /* LaunchScreen.storyboard in Resources */,
				85491A1B1EF361F40057C4AE /* im_ee_31@2x.png in Resources */,
				85491A401EF361F40057C4AE /* im_ee_65@2x.png in Resources */,
				85491A521EF361F40057C4AE /* im_ee_81@2x.png in Resources */,
				85491A501EF361F40057C4AE /* im_ee_7@2x.png in Resources */,
				8560691C1EE53FE6007BD3A2 /* Assets.xcassets in Resources */,
				85491A1F1EF361F40057C4AE /* im_ee_35@2x.png in Resources */,
				85491A4D1EF361F40057C4AE /* im_ee_77@2x.png in Resources */,
				85491A181EF361F40057C4AE /* im_ee_29@2x.png in Resources */,
				85491A251EF361F40057C4AE /* im_ee_40@2x.png in Resources */,
				85491A581EF361F40057C4AE /* im_ee_87@2x.png in Resources */,
				85491A531EF361F40057C4AE /* im_ee_82@2x.png in Resources */,
				85491A5C1EF361F40057C4AE /* im_ee_90@2x.png in Resources */,
				85491A241EF361F40057C4AE /* im_ee_3@2x.png in Resources */,
				85491A311EF361F40057C4AE /* im_ee_51@2x.png in Resources */,
				85491A591EF361F40057C4AE /* im_ee_88@2x.png in Resources */,
				85491A191EF361F40057C4AE /* im_ee_2@2x.png in Resources */,
				85491A461EF361F40057C4AE /* im_ee_70@2x.png in Resources */,
				85491A4B1EF361F40057C4AE /* im_ee_75@2x.png in Resources */,
				85491A151EF361F40057C4AE /* im_ee_26@2x.png in Resources */,
				85491A231EF361F40057C4AE /* im_ee_39@2x.png in Resources */,
				85491A451EF361F40057C4AE /* im_ee_6@2x.png in Resources */,
				85491A0F1EF361F40057C4AE /* im_ee_20@2x.png in Resources */,
				85491A261EF361F40057C4AE /* im_ee_41@2x.png in Resources */,
				85491A441EF361F40057C4AE /* im_ee_69@2x.png in Resources */,
				85491A4A1EF361F40057C4AE /* im_ee_74@2x.png in Resources */,
				85491A1E1EF361F40057C4AE /* im_ee_34@2x.png in Resources */,
				85491A0B1EF361F40057C4AE /* im_ee_17@2x.png in Resources */,
				85491A281EF361F40057C4AE /* im_ee_43@2x.png in Resources */,
				85491A361EF361F40057C4AE /* im_ee_56@2x.png in Resources */,
				85491A141EF361F40057C4AE /* im_ee_25@2x.png in Resources */,
				85491A081EF361F40057C4AE /* im_ee_14@2x.png in Resources */,
				85491A5B1EF361F40057C4AE /* im_ee_8@2x.png in Resources */,
				85491A391EF361F40057C4AE /* im_ee_59@2x.png in Resources */,
				85491A431EF361F40057C4AE /* im_ee_68@2x.png in Resources */,
				85491A2E1EF361F40057C4AE /* im_ee_49@2x.png in Resources */,
				85491A121EF361F40057C4AE /* im_ee_23@2x.png in Resources */,
				85491A3E1EF361F40057C4AE /* im_ee_63@2x.png in Resources */,
				85491A0E1EF361F40057C4AE /* im_ee_1@2x.png in Resources */,
				85491A321EF361F40057C4AE /* im_ee_52@2x.png in Resources */,
				85491A381EF361F40057C4AE /* im_ee_58@2x.png in Resources */,
				85491A0D1EF361F40057C4AE /* im_ee_19@2x.png in Resources */,
				85491A031EF361F40057C4AE /* emojiNameArr.plist in Resources */,
				85491A341EF361F40057C4AE /* im_ee_54@2x.png in Resources */,
				85491A291EF361F40057C4AE /* im_ee_44@2x.png in Resources */,
				85491A011EF361F40057C4AE /* emojiDataArr.plist in Resources */,
				85491A351EF361F40057C4AE /* im_ee_55@2x.png in Resources */,
				85491A1D1EF361F40057C4AE /* im_ee_33@2x.png in Resources */,
				85491A4E1EF361F40057C4AE /* im_ee_78@2x.png in Resources */,
				85491A171EF361F40057C4AE /* im_ee_28@2x.png in Resources */,
				85491A371EF361F40057C4AE /* im_ee_57@2x.png in Resources */,
				85491A2B1EF361F40057C4AE /* im_ee_46@2x.png in Resources */,
				85491A2A1EF361F40057C4AE /* im_ee_45@2x.png in Resources */,
				85491A301EF361F40057C4AE /* im_ee_50@2x.png in Resources */,
				85491A071EF361F40057C4AE /* im_ee_13@2x.png in Resources */,
				85491A051EF361F40057C4AE /* im_ee_11@2x.png in Resources */,
				85491A201EF361F40057C4AE /* im_ee_36@2x.png in Resources */,
				85491A041EF361F40057C4AE /* im_ee_10@2x.png in Resources */,
				85491A091EF361F40057C4AE /* im_ee_15@2x.png in Resources */,
				85491A101EF361F40057C4AE /* im_ee_21@2x.png in Resources */,
				85491A4F1EF361F40057C4AE /* im_ee_79@2x.png in Resources */,
				85491A331EF361F40057C4AE /* im_ee_53@2x.png in Resources */,
				85491A5D1EF361F40057C4AE /* im_ee_9@2x.png in Resources */,
				85491A0A1EF361F40057C4AE /* im_ee_16@2x.png in Resources */,
				85491A131EF361F40057C4AE /* im_ee_24@2x.png in Resources */,
				85491A411EF361F40057C4AE /* im_ee_66@2x.png in Resources */,
				85491A271EF361F40057C4AE /* im_ee_42@2x.png in Resources */,
				85491A3F1EF361F40057C4AE /* im_ee_64@2x.png in Resources */,
				85491A471EF361F40057C4AE /* im_ee_71@2x.png in Resources */,
				85491A5A1EF361F40057C4AE /* im_ee_89@2x.png in Resources */,
				85573BA41EF27C4500FF0131 /* 1.png in Resources */,
				85491A3D1EF361F40057C4AE /* im_ee_62@2x.png in Resources */,
				85491A2F1EF361F40057C4AE /* im_ee_4@2x.png in Resources */,
				85491A2D1EF361F40057C4AE /* im_ee_48@2x.png in Resources */,
				8560691A1EE53FE6007BD3A2 /* Main.storyboard in Resources */,
				85491A491EF361F40057C4AE /* im_ee_73@2x.png in Resources */,
				85491A2C1EF361F40057C4AE /* im_ee_47@2x.png in Resources */,
				85491A1C1EF361F40057C4AE /* im_ee_32@2x.png in Resources */,
				85491A571EF361F40057C4AE /* im_ee_86@2x.png in Resources */,
				85491A061EF361F40057C4AE /* im_ee_12@2x.png in Resources */,
				85491A3A1EF361F40057C4AE /* im_ee_5@2x.png in Resources */,
				85491A551EF361F40057C4AE /* im_ee_84@2x.png in Resources */,
				85491A561EF361F40057C4AE /* im_ee_85@2x.png in Resources */,
				85491A481EF361F40057C4AE /* im_ee_72@2x.png in Resources */,
				85491A211EF361F40057C4AE /* im_ee_37@2x.png in Resources */,
				85491A611EF361F40057C4AE /* 大哭@2x.png in Resources */,
				85491A541EF361F40057C4AE /* im_ee_83@2x.png in Resources */,
				85491A111EF361F40057C4AE /* im_ee_22@2x.png in Resources */,
				85491A4C1EF361F40057C4AE /* im_ee_76@2x.png in Resources */,
				85491A3C1EF361F40057C4AE /* im_ee_61@2x.png in Resources */,
				85491A161EF361F40057C4AE /* im_ee_27@2x.png in Resources */,
				85491A0C1EF361F40057C4AE /* im_ee_18@2x.png in Resources */,
				85491A221EF361F40057C4AE /* im_ee_38@2x.png in Resources */,
				85491A621EF361F40057C4AE /* 流泪@2x.png in Resources */,
			);
			runOnlyForDeploymentPostprocessing = 0;
		};
		856069231EE53FE6007BD3A2 /* Resources */ = {
			isa = PBXResourcesBuildPhase;
			buildActionMask = 2147483647;
			files = (
			);
			runOnlyForDeploymentPostprocessing = 0;
		};
		8560692E1EE53FE6007BD3A2 /* Resources */ = {
			isa = PBXResourcesBuildPhase;
			buildActionMask = 2147483647;
			files = (
			);
			runOnlyForDeploymentPostprocessing = 0;
		};
/* End PBXResourcesBuildPhase section */

/* Begin PBXSourcesBuildPhase section */
		856069081EE53FE6007BD3A2 /* Sources */ = {
			isa = PBXSourcesBuildPhase;
			buildActionMask = 2147483647;
			files = (
				85573B911EF2647000FF0131 /* YYTextArchiver.m in Sources */,
				85573B6E1EF2645700FF0131 /* YYTextMagnifier.m in Sources */,
				85573B9B1EF2647000FF0131 /* YYTextTransaction.m in Sources */,
				856069171EE53FE6007BD3A2 /* ViewController.m in Sources */,
				856069FD1EE5409E007BD3A2 /* EmojiKeyboarView.m in Sources */,
				85606AC41EE639C8007BD3A2 /* NSString+DeleteEmojiStr.m in Sources */,
				85573B671EF2645700FF0131 /* YYTextContainerView.m in Sources */,
				85606A001EE540DB007BD3A2 /* UIView+CBExtension.m in Sources */,
				85573B921EF2647000FF0131 /* YYTextAttribute.m in Sources */,
				85573B981EF2647000FF0131 /* UIPasteboard+YYText.m in Sources */,
				85573B951EF2647000FF0131 /* YYTextRunDelegate.m in Sources */,
				85573B6D1EF2645700FF0131 /* YYTextLine.m in Sources */,
				85573B931EF2647000FF0131 /* YYTextParser.m in Sources */,
				856069141EE53FE6007BD3A2 /* AppDelegate.m in Sources */,
				856069111EE53FE6007BD3A2 /* main.m in Sources */,
				85573B6F1EF2645700FF0131 /* YYTextSelectionView.m in Sources */,
				85573B681EF2645700FF0131 /* YYTextDebugOption.m in Sources */,
				85573B961EF2647000FF0131 /* NSAttributedString+YYText.m in Sources */,
				85573B9F1EF2647000FF0131 /* YYTextView.m in Sources */,
				85573B6C1EF2645700FF0131 /* YYTextLayout.m in Sources */,
				85573B9A1EF2647000FF0131 /* YYTextAsyncLayer.m in Sources */,
				85573B9D1EF2647000FF0131 /* YYTextWeakProxy.m in Sources */,
				85573B9E1EF2647000FF0131 /* YYLabel.m in Sources */,
				85573B9C1EF2647000FF0131 /* YYTextUtilities.m in Sources */,
				85573BA21EF2664000FF0131 /* NSString+SimpleModifier.m in Sources */,
				85573B6B1EF2645700FF0131 /* YYTextKeyboardManager.m in Sources */,
				85573B991EF2647000FF0131 /* UIView+YYText.m in Sources */,
				85573B691EF2645700FF0131 /* YYTextEffectWindow.m in Sources */,
				85573B971EF2647000FF0131 /* NSParagraphStyle+YYText.m in Sources */,
				85573B6A1EF2645700FF0131 /* YYTextInput.m in Sources */,
				85573B941EF2647000FF0131 /* YYTextRubyAnnotation.m in Sources */,
			);
			runOnlyForDeploymentPostprocessing = 0;
		};
		856069211EE53FE6007BD3A2 /* Sources */ = {
			isa = PBXSourcesBuildPhase;
			buildActionMask = 2147483647;
			files = (
				8560692A1EE53FE6007BD3A2 /* CBEmojiKeyboardTests.m in Sources */,
			);
			runOnlyForDeploymentPostprocessing = 0;
		};
		8560692C1EE53FE6007BD3A2 /* Sources */ = {
			isa = PBXSourcesBuildPhase;
			buildActionMask = 2147483647;
			files = (
				856069351EE53FE6007BD3A2 /* CBEmojiKeyboardUITests.m in Sources */,
			);
			runOnlyForDeploymentPostprocessing = 0;
		};
/* End PBXSourcesBuildPhase section */

/* Begin PBXTargetDependency section */
		856069271EE53FE6007BD3A2 /* PBXTargetDependency */ = {
			isa = PBXTargetDependency;
			target = 8560690B1EE53FE6007BD3A2 /* CBEmojiKeyboard */;
			targetProxy = 856069261EE53FE6007BD3A2 /* PBXContainerItemProxy */;
		};
		856069321EE53FE6007BD3A2 /* PBXTargetDependency */ = {
			isa = PBXTargetDependency;
			target = 8560690B1EE53FE6007BD3A2 /* CBEmojiKeyboard */;
			targetProxy = 856069311EE53FE6007BD3A2 /* PBXContainerItemProxy */;
		};
/* End PBXTargetDependency section */

/* Begin PBXVariantGroup section */
		856069181EE53FE6007BD3A2 /* Main.storyboard */ = {
			isa = PBXVariantGroup;
			children = (
				856069191EE53FE6007BD3A2 /* Base */,
			);
			name = Main.storyboard;
			sourceTree = "<group>";
		};
		8560691D1EE53FE6007BD3A2 /* LaunchScreen.storyboard */ = {
			isa = PBXVariantGroup;
			children = (
				8560691E1EE53FE6007BD3A2 /* Base */,
			);
			name = LaunchScreen.storyboard;
			sourceTree = "<group>";
		};
/* End PBXVariantGroup section */

/* Begin XCBuildConfiguration section */
		856069371EE53FE7007BD3A2 /* Debug */ = {
			isa = XCBuildConfiguration;
			buildSettings = {
				ALWAYS_SEARCH_USER_PATHS = NO;
				CLANG_ANALYZER_NONNULL = YES;
				CLANG_CXX_LANGUAGE_STANDARD = "gnu++0x";
				CLANG_CXX_LIBRARY = "libc++";
				CLANG_ENABLE_MODULES = YES;
				CLANG_ENABLE_OBJC_ARC = YES;
				CLANG_WARN_BOOL_CONVERSION = YES;
				CLANG_WARN_CONSTANT_CONVERSION = YES;
				CLANG_WARN_DIRECT_OBJC_ISA_USAGE = YES_ERROR;
				CLANG_WARN_DOCUMENTATION_COMMENTS = YES;
				CLANG_WARN_EMPTY_BODY = YES;
				CLANG_WARN_ENUM_CONVERSION = YES;
				CLANG_WARN_INFINITE_RECURSION = YES;
				CLANG_WARN_INT_CONVERSION = YES;
				CLANG_WARN_OBJC_ROOT_CLASS = YES_ERROR;
				CLANG_WARN_SUSPICIOUS_MOVE = YES;
				CLANG_WARN_UNREACHABLE_CODE = YES;
				CLANG_WARN__DUPLICATE_METHOD_MATCH = YES;
				"CODE_SIGN_IDENTITY[sdk=iphoneos*]" = "iPhone Developer";
				COPY_PHASE_STRIP = NO;
				DEBUG_INFORMATION_FORMAT = dwarf;
				ENABLE_STRICT_OBJC_MSGSEND = YES;
				ENABLE_TESTABILITY = YES;
				GCC_C_LANGUAGE_STANDARD = gnu99;
				GCC_DYNAMIC_NO_PIC = NO;
				GCC_NO_COMMON_BLOCKS = YES;
				GCC_OPTIMIZATION_LEVEL = 0;
				GCC_PREPROCESSOR_DEFINITIONS = (
					"DEBUG=1",
					"$(inherited)",
				);
				GCC_WARN_64_TO_32_BIT_CONVERSION = YES;
				GCC_WARN_ABOUT_RETURN_TYPE = YES_ERROR;
				GCC_WARN_UNDECLARED_SELECTOR = YES;
				GCC_WARN_UNINITIALIZED_AUTOS = YES_AGGRESSIVE;
				GCC_WARN_UNUSED_FUNCTION = YES;
				GCC_WARN_UNUSED_VARIABLE = YES;
				IPHONEOS_DEPLOYMENT_TARGET = 10.2;
				MTL_ENABLE_DEBUG_INFO = YES;
				ONLY_ACTIVE_ARCH = YES;
				SDKROOT = iphoneos;
				TARGETED_DEVICE_FAMILY = "1,2";
			};
			name = Debug;
		};
		856069381EE53FE7007BD3A2 /* Release */ = {
			isa = XCBuildConfiguration;
			buildSettings = {
				ALWAYS_SEARCH_USER_PATHS = NO;
				CLANG_ANALYZER_NONNULL = YES;
				CLANG_CXX_LANGUAGE_STANDARD = "gnu++0x";
				CLANG_CXX_LIBRARY = "libc++";
				CLANG_ENABLE_MODULES = YES;
				CLANG_ENABLE_OBJC_ARC = YES;
				CLANG_WARN_BOOL_CONVERSION = YES;
				CLANG_WARN_CONSTANT_CONVERSION = YES;
				CLANG_WARN_DIRECT_OBJC_ISA_USAGE = YES_ERROR;
				CLANG_WARN_DOCUMENTATION_COMMENTS = YES;
				CLANG_WARN_EMPTY_BODY = YES;
				CLANG_WARN_ENUM_CONVERSION = YES;
				CLANG_WARN_INFINITE_RECURSION = YES;
				CLANG_WARN_INT_CONVERSION = YES;
				CLANG_WARN_OBJC_ROOT_CLASS = YES_ERROR;
				CLANG_WARN_SUSPICIOUS_MOVE = YES;
				CLANG_WARN_UNREACHABLE_CODE = YES;
				CLANG_WARN__DUPLICATE_METHOD_MATCH = YES;
				"CODE_SIGN_IDENTITY[sdk=iphoneos*]" = "iPhone Developer";
				COPY_PHASE_STRIP = NO;
				DEBUG_INFORMATION_FORMAT = "dwarf-with-dsym";
				ENABLE_NS_ASSERTIONS = NO;
				ENABLE_STRICT_OBJC_MSGSEND = YES;
				GCC_C_LANGUAGE_STANDARD = gnu99;
				GCC_NO_COMMON_BLOCKS = YES;
				GCC_WARN_64_TO_32_BIT_CONVERSION = YES;
				GCC_WARN_ABOUT_RETURN_TYPE = YES_ERROR;
				GCC_WARN_UNDECLARED_SELECTOR = YES;
				GCC_WARN_UNINITIALIZED_AUTOS = YES_AGGRESSIVE;
				GCC_WARN_UNUSED_FUNCTION = YES;
				GCC_WARN_UNUSED_VARIABLE = YES;
				IPHONEOS_DEPLOYMENT_TARGET = 10.2;
				MTL_ENABLE_DEBUG_INFO = NO;
				SDKROOT = iphoneos;
				TARGETED_DEVICE_FAMILY = "1,2";
				VALIDATE_PRODUCT = YES;
			};
			name = Release;
		};
		8560693A1EE53FE7007BD3A2 /* Debug */ = {
			isa = XCBuildConfiguration;
			buildSettings = {
				ASSETCATALOG_COMPILER_APPICON_NAME = AppIcon;
				DEVELOPMENT_TEAM = 2265AU9L5R;
				INFOPLIST_FILE = CBEmojiKeyboard/Info.plist;
				LD_RUNPATH_SEARCH_PATHS = "$(inherited) @executable_path/Frameworks";
				PRODUCT_BUNDLE_IDENTIFIER = CBEmojiKeyboard;
				PRODUCT_NAME = "$(TARGET_NAME)";
			};
			name = Debug;
		};
		8560693B1EE53FE7007BD3A2 /* Release */ = {
			isa = XCBuildConfiguration;
			buildSettings = {
				ASSETCATALOG_COMPILER_APPICON_NAME = AppIcon;
				DEVELOPMENT_TEAM = 2265AU9L5R;
				INFOPLIST_FILE = CBEmojiKeyboard/Info.plist;
				LD_RUNPATH_SEARCH_PATHS = "$(inherited) @executable_path/Frameworks";
				PRODUCT_BUNDLE_IDENTIFIER = CBEmojiKeyboard;
				PRODUCT_NAME = "$(TARGET_NAME)";
			};
			name = Release;
		};
		8560693D1EE53FE7007BD3A2 /* Debug */ = {
			isa = XCBuildConfiguration;
			buildSettings = {
				BUNDLE_LOADER = "$(TEST_HOST)";
				INFOPLIST_FILE = CBEmojiKeyboardTests/Info.plist;
				LD_RUNPATH_SEARCH_PATHS = "$(inherited) @executable_path/Frameworks @loader_path/Frameworks";
				PRODUCT_BUNDLE_IDENTIFIER = "------------.CBEmojiKeyboardTests";
				PRODUCT_NAME = "$(TARGET_NAME)";
				TEST_HOST = "$(BUILT_PRODUCTS_DIR)/CBEmojiKeyboard.app/CBEmojiKeyboard";
			};
			name = Debug;
		};
		8560693E1EE53FE7007BD3A2 /* Release */ = {
			isa = XCBuildConfiguration;
			buildSettings = {
				BUNDLE_LOADER = "$(TEST_HOST)";
				INFOPLIST_FILE = CBEmojiKeyboardTests/Info.plist;
				LD_RUNPATH_SEARCH_PATHS = "$(inherited) @executable_path/Frameworks @loader_path/Frameworks";
				PRODUCT_BUNDLE_IDENTIFIER = "------------.CBEmojiKeyboardTests";
				PRODUCT_NAME = "$(TARGET_NAME)";
				TEST_HOST = "$(BUILT_PRODUCTS_DIR)/CBEmojiKeyboard.app/CBEmojiKeyboard";
			};
			name = Release;
		};
		856069401EE53FE7007BD3A2 /* Debug */ = {
			isa = XCBuildConfiguration;
			buildSettings = {
				INFOPLIST_FILE = CBEmojiKeyboardUITests/Info.plist;
				LD_RUNPATH_SEARCH_PATHS = "$(inherited) @executable_path/Frameworks @loader_path/Frameworks";
				PRODUCT_BUNDLE_IDENTIFIER = "------------.CBEmojiKeyboardUITests";
				PRODUCT_NAME = "$(TARGET_NAME)";
				TEST_TARGET_NAME = CBEmojiKeyboard;
			};
			name = Debug;
		};
		856069411EE53FE7007BD3A2 /* Release */ = {
			isa = XCBuildConfiguration;
			buildSettings = {
				INFOPLIST_FILE = CBEmojiKeyboardUITests/Info.plist;
				LD_RUNPATH_SEARCH_PATHS = "$(inherited) @executable_path/Frameworks @loader_path/Frameworks";
				PRODUCT_BUNDLE_IDENTIFIER = "------------.CBEmojiKeyboardUITests";
				PRODUCT_NAME = "$(TARGET_NAME)";
				TEST_TARGET_NAME = CBEmojiKeyboard;
			};
			name = Release;
		};
/* End XCBuildConfiguration section */

/* Begin XCConfigurationList section */
		856069071EE53FE6007BD3A2 /* Build configuration list for PBXProject "CBEmojiKeyboard" */ = {
			isa = XCConfigurationList;
			buildConfigurations = (
				856069371EE53FE7007BD3A2 /* Debug */,
				856069381EE53FE7007BD3A2 /* Release */,
			);
			defaultConfigurationIsVisible = 0;
			defaultConfigurationName = Release;
		};
		856069391EE53FE7007BD3A2 /* Build configuration list for PBXNativeTarget "CBEmojiKeyboard" */ = {
			isa = XCConfigurationList;
			buildConfigurations = (
				8560693A1EE53FE7007BD3A2 /* Debug */,
				8560693B1EE53FE7007BD3A2 /* Release */,
			);
			defaultConfigurationIsVisible = 0;
			defaultConfigurationName = Release;
		};
		8560693C1EE53FE7007BD3A2 /* Build configuration list for PBXNativeTarget "CBEmojiKeyboardTests" */ = {
			isa = XCConfigurationList;
			buildConfigurations = (
				8560693D1EE53FE7007BD3A2 /* Debug */,
				8560693E1EE53FE7007BD3A2 /* Release */,
			);
			defaultConfigurationIsVisible = 0;
			defaultConfigurationName = Release;
		};
		8560693F1EE53FE7007BD3A2 /* Build configuration list for PBXNativeTarget "CBEmojiKeyboardUITests" */ = {
			isa = XCConfigurationList;
			buildConfigurations = (
				856069401EE53FE7007BD3A2 /* Debug */,
				856069411EE53FE7007BD3A2 /* Release */,
			);
			defaultConfigurationIsVisible = 0;
			defaultConfigurationName = Release;
		};
/* End XCConfigurationList section */
	};
	rootObject = 856069041EE53FE6007BD3A2 /* Project object */;
}
